// !$*UTF8*$!
{
	archiveVersion = 1;
	classes = {
	};
	objectVersion = 55;
	objects = {

/* Begin PBXBuildFile section */
		DD8543EF27219D4A004D38F0 /* AppDelegate.swift in Sources */ = {isa = PBXBuildFile; fileRef = DD8543EE27219D4A004D38F0 /* AppDelegate.swift */; };
		DD8543F127219D4A004D38F0 /* SceneDelegate.swift in Sources */ = {isa = PBXBuildFile; fileRef = DD8543F027219D4A004D38F0 /* SceneDelegate.swift */; };
		DD8543F327219D4A004D38F0 /* ViewController.swift in Sources */ = {isa = PBXBuildFile; fileRef = DD8543F227219D4A004D38F0 /* ViewController.swift */; };
		DD8543F627219D4A004D38F0 /* Main.storyboard in Resources */ = {isa = PBXBuildFile; fileRef = DD8543F427219D4A004D38F0 /* Main.storyboard */; };
		DD8543F927219D4A004D38F0 /* Bdc.xcdatamodeld in Sources */ = {isa = PBXBuildFile; fileRef = DD8543F727219D4A004D38F0 /* Bdc.xcdatamodeld */; };
		DD8543FB27219D4C004D38F0 /* Assets.xcassets in Resources */ = {isa = PBXBuildFile; fileRef = DD8543FA27219D4C004D38F0 /* Assets.xcassets */; };
		DD8543FE27219D4C004D38F0 /* LaunchScreen.storyboard in Resources */ = {isa = PBXBuildFile; fileRef = DD8543FC27219D4C004D38F0 /* LaunchScreen.storyboard */; };
		DD85440927219D4D004D38F0 /* BdcTests.swift in Sources */ = {isa = PBXBuildFile; fileRef = DD85440827219D4D004D38F0 /* BdcTests.swift */; };
		DD85441327219D4D004D38F0 /* BdcUITests.swift in Sources */ = {isa = PBXBuildFile; fileRef = DD85441227219D4D004D38F0 /* BdcUITests.swift */; };
		DD85441527219D4D004D38F0 /* BdcUITestsLaunchTests.swift in Sources */ = {isa = PBXBuildFile; fileRef = DD85441427219D4D004D38F0 /* BdcUITestsLaunchTests.swift */; };
/* End PBXBuildFile section */

/* Begin PBXContainerItemProxy section */
		DD85440527219D4D004D38F0 /* PBXContainerItemProxy */ = {
			isa = PBXContainerItemProxy;
			containerPortal = DD8543E327219D4A004D38F0 /* Project object */;
			proxyType = 1;
			remoteGlobalIDString = DD8543EA27219D4A004D38F0;
			remoteInfo = Bdc;
		};
		DD85440F27219D4D004D38F0 /* PBXContainerItemProxy */ = {
			isa = PBXContainerItemProxy;
			containerPortal = DD8543E327219D4A004D38F0 /* Project object */;
			proxyType = 1;
			remoteGlobalIDString = DD8543EA27219D4A004D38F0;
			remoteInfo = Bdc;
		};
/* End PBXContainerItemProxy section */

/* Begin PBXFileReference section */
		DD8543EB27219D4A004D38F0 /* Bdc.app */ = {isa = PBXFileReference; explicitFileType = wrapper.application; includeInIndex = 0; path = Bdc.app; sourceTree = BUILT_PRODUCTS_DIR; };
		DD8543EE27219D4A004D38F0 /* AppDelegate.swift */ = {isa = PBXFileReference; lastKnownFileType = sourcecode.swift; path = AppDelegate.swift; sourceTree = "<group>"; };
		DD8543F027219D4A004D38F0 /* SceneDelegate.swift */ = {isa = PBXFileReference; lastKnownFileType = sourcecode.swift; path = SceneDelegate.swift; sourceTree = "<group>"; };
		DD8543F227219D4A004D38F0 /* ViewController.swift */ = {isa = PBXFileReference; lastKnownFileType = sourcecode.swift; path = ViewController.swift; sourceTree = "<group>"; };
		DD8543F527219D4A004D38F0 /* Base */ = {isa = PBXFileReference; lastKnownFileType = file.storyboard; name = Base; path = Base.lproj/Main.storyboard; sourceTree = "<group>"; };
		DD8543F827219D4A004D38F0 /* Bdc.xcdatamodel */ = {isa = PBXFileReference; lastKnownFileType = wrapper.xcdatamodel; path = Bdc.xcdatamodel; sourceTree = "<group>"; };
		DD8543FA27219D4C004D38F0 /* Assets.xcassets */ = {isa = PBXFileReference; lastKnownFileType = folder.assetcatalog; path = Assets.xcassets; sourceTree = "<group>"; };
		DD8543FD27219D4C004D38F0 /* Base */ = {isa = PBXFileReference; lastKnownFileType = file.storyboard; name = Base; path = Base.lproj/LaunchScreen.storyboard; sourceTree = "<group>"; };
		DD8543FF27219D4C004D38F0 /* Info.plist */ = {isa = PBXFileReference; lastKnownFileType = text.plist.xml; path = Info.plist; sourceTree = "<group>"; };
		DD85440427219D4D004D38F0 /* BdcTests.xctest */ = {isa = PBXFileReference; explicitFileType = wrapper.cfbundle; includeInIndex = 0; path = BdcTests.xctest; sourceTree = BUILT_PRODUCTS_DIR; };
		DD85440827219D4D004D38F0 /* BdcTests.swift */ = {isa = PBXFileReference; lastKnownFileType = sourcecode.swift; path = BdcTests.swift; sourceTree = "<group>"; };
		DD85440E27219D4D004D38F0 /* BdcUITests.xctest */ = {isa = PBXFileReference; explicitFileType = wrapper.cfbundle; includeInIndex = 0; path = BdcUITests.xctest; sourceTree = BUILT_PRODUCTS_DIR; };
		DD85441227219D4D004D38F0 /* BdcUITests.swift */ = {isa = PBXFileReference; lastKnownFileType = sourcecode.swift; path = BdcUITests.swift; sourceTree = "<group>"; };
		DD85441427219D4D004D38F0 /* BdcUITestsLaunchTests.swift */ = {isa = PBXFileReference; lastKnownFileType = sourcecode.swift; path = BdcUITestsLaunchTests.swift; sourceTree = "<group>"; };
/* End PBXFileReference section */

/* Begin PBXFrameworksBuildPhase section */
		DD8543E827219D4A004D38F0 /* Frameworks */ = {
			isa = PBXFrameworksBuildPhase;
			buildActionMask = 2147483647;
			files = (
			);
			runOnlyForDeploymentPostprocessing = 0;
		};
		DD85440127219D4D004D38F0 /* Frameworks */ = {
			isa = PBXFrameworksBuildPhase;
			buildActionMask = 2147483647;
			files = (
			);
			runOnlyForDeploymentPostprocessing = 0;
		};
		DD85440B27219D4D004D38F0 /* Frameworks */ = {
			isa = PBXFrameworksBuildPhase;
			buildActionMask = 2147483647;
			files = (
			);
			runOnlyForDeploymentPostprocessing = 0;
		};
/* End PBXFrameworksBuildPhase section */

/* Begin PBXGroup section */
		DD8543E227219D4A004D38F0 = {
			isa = PBXGroup;
			children = (
				DD8543ED27219D4A004D38F0 /* Bdc */,
				DD85440727219D4D004D38F0 /* BdcTests */,
				DD85441127219D4D004D38F0 /* BdcUITests */,
				DD8543EC27219D4A004D38F0 /* Products */,
			);
			sourceTree = "<group>";
		};
		DD8543EC27219D4A004D38F0 /* Products */ = {
			isa = PBXGroup;
			children = (
				DD8543EB27219D4A004D38F0 /* Bdc.app */,
				DD85440427219D4D004D38F0 /* BdcTests.xctest */,
				DD85440E27219D4D004D38F0 /* BdcUITests.xctest */,
			);
			name = Products;
			sourceTree = "<group>";
		};
		DD8543ED27219D4A004D38F0 /* Bdc */ = {
			isa = PBXGroup;
			children = (
				DD8543EE27219D4A004D38F0 /* AppDelegate.swift */,
				DD8543F027219D4A004D38F0 /* SceneDelegate.swift */,
				DD8543F227219D4A004D38F0 /* ViewController.swift */,
				DD8543F427219D4A004D38F0 /* Main.storyboard */,
				DD8543FA27219D4C004D38F0 /* Assets.xcassets */,
				DD8543FC27219D4C004D38F0 /* LaunchScreen.storyboard */,
				DD8543FF27219D4C004D38F0 /* Info.plist */,
				DD8543F727219D4A004D38F0 /* Bdc.xcdatamodeld */,
			);
			path = Bdc;
			sourceTree = "<group>";
		};
		DD85440727219D4D004D38F0 /* BdcTests */ = {
			isa = PBXGroup;
			children = (
				DD85440827219D4D004D38F0 /* BdcTests.swift */,
			);
			path = BdcTests;
			sourceTree = "<group>";
		};
		DD85441127219D4D004D38F0 /* BdcUITests */ = {
			isa = PBXGroup;
			children = (
				DD85441227219D4D004D38F0 /* BdcUITests.swift */,
				DD85441427219D4D004D38F0 /* BdcUITestsLaunchTests.swift */,
			);
			path = BdcUITests;
			sourceTree = "<group>";
		};
/* End PBXGroup section */

/* Begin PBXNativeTarget section */
		DD8543EA27219D4A004D38F0 /* Bdc */ = {
			isa = PBXNativeTarget;
			buildConfigurationList = DD85441827219D4D004D38F0 /* Build configuration list for PBXNativeTarget "Bdc" */;
			buildPhases = (
				DD8543E727219D4A004D38F0 /* Sources */,
				DD8543E827219D4A004D38F0 /* Frameworks */,
				DD8543E927219D4A004D38F0 /* Resources */,
			);
			buildRules = (
			);
			dependencies = (
			);
			name = Bdc;
			productName = Bdc;
			productReference = DD8543EB27219D4A004D38F0 /* Bdc.app */;
			productType = "com.apple.product-type.application";
		};
		DD85440327219D4D004D38F0 /* BdcTests */ = {
			isa = PBXNativeTarget;
			buildConfigurationList = DD85441B27219D4D004D38F0 /* Build configuration list for PBXNativeTarget "BdcTests" */;
			buildPhases = (
				DD85440027219D4D004D38F0 /* Sources */,
				DD85440127219D4D004D38F0 /* Frameworks */,
				DD85440227219D4D004D38F0 /* Resources */,
			);
			buildRules = (
			);
			dependencies = (
				DD85440627219D4D004D38F0 /* PBXTargetDependency */,
			);
			name = BdcTests;
			productName = BdcTests;
			productReference = DD85440427219D4D004D38F0 /* BdcTests.xctest */;
			productType = "com.apple.product-type.bundle.unit-test";
		};
		DD85440D27219D4D004D38F0 /* BdcUITests */ = {
			isa = PBXNativeTarget;
			buildConfigurationList = DD85441E27219D4D004D38F0 /* Build configuration list for PBXNativeTarget "BdcUITests" */;
			buildPhases = (
				DD85440A27219D4D004D38F0 /* Sources */,
				DD85440B27219D4D004D38F0 /* Frameworks */,
				DD85440C27219D4D004D38F0 /* Resources */,
			);
			buildRules = (
			);
			dependencies = (
				DD85441027219D4D004D38F0 /* PBXTargetDependency */,
			);
			name = BdcUITests;
			productName = BdcUITests;
			productReference = DD85440E27219D4D004D38F0 /* BdcUITests.xctest */;
			productType = "com.apple.product-type.bundle.ui-testing";
		};
/* End PBXNativeTarget section */

/* Begin PBXProject section */
		DD8543E327219D4A004D38F0 /* Project object */ = {
			isa = PBXProject;
			attributes = {
				BuildIndependentTargetsInParallel = 1;
				LastSwiftUpdateCheck = 1300;
				LastUpgradeCheck = 1300;
				TargetAttributes = {
					DD8543EA27219D4A004D38F0 = {
						CreatedOnToolsVersion = 13.0;
					};
					DD85440327219D4D004D38F0 = {
						CreatedOnToolsVersion = 13.0;
						TestTargetID = DD8543EA27219D4A004D38F0;
					};
					DD85440D27219D4D004D38F0 = {
						CreatedOnToolsVersion = 13.0;
						TestTargetID = DD8543EA27219D4A004D38F0;
					};
				};
			};
			buildConfigurationList = DD8543E627219D4A004D38F0 /* Build configuration list for PBXProject "Bdc" */;
			compatibilityVersion = "Xcode 13.0";
			developmentRegion = en;
			hasScannedForEncodings = 0;
			knownRegions = (
				en,
				Base,
			);
			mainGroup = DD8543E227219D4A004D38F0;
			productRefGroup = DD8543EC27219D4A004D38F0 /* Products */;
			projectDirPath = "";
			projectRoot = "";
			targets = (
				DD8543EA27219D4A004D38F0 /* Bdc */,
				DD85440327219D4D004D38F0 /* BdcTests */,
				DD85440D27219D4D004D38F0 /* BdcUITests */,
			);
		};
/* End PBXProject section */

/* Begin PBXResourcesBuildPhase section */
		DD8543E927219D4A004D38F0 /* Resources */ = {
			isa = PBXResourcesBuildPhase;
			buildActionMask = 2147483647;
			files = (
				DD8543FE27219D4C004D38F0 /* LaunchScreen.storyboard in Resources */,
				DD8543FB27219D4C004D38F0 /* Assets.xcassets in Resources */,
				DD8543F627219D4A004D38F0 /* Main.storyboard in Resources */,
			);
			runOnlyForDeploymentPostprocessing = 0;
		};
		DD85440227219D4D004D38F0 /* Resources */ = {
			isa = PBXResourcesBuildPhase;
			buildActionMask = 2147483647;
			files = (
			);
			runOnlyForDeploymentPostprocessing = 0;
		};
		DD85440C27219D4D004D38F0 /* Resources */ = {
			isa = PBXResourcesBuildPhase;
			buildActionMask = 2147483647;
			files = (
			);
			runOnlyForDeploymentPostprocessing = 0;
		};
/* End PBXResourcesBuildPhase section */

/* Begin PBXSourcesBuildPhase section */
		DD8543E727219D4A004D38F0 /* Sources */ = {
			isa = PBXSourcesBuildPhase;
			buildActionMask = 2147483647;
			files = (
				DD8543F327219D4A004D38F0 /* ViewController.swift in Sources */,
				DD8543F927219D4A004D38F0 /* Bdc.xcdatamodeld in Sources */,
				DD8543EF27219D4A004D38F0 /* AppDelegate.swift in Sources */,
				DD8543F127219D4A004D38F0 /* SceneDelegate.swift in Sources */,
			);
			runOnlyForDeploymentPostprocessing = 0;
		};
		DD85440027219D4D004D38F0 /* Sources */ = {
			isa = PBXSourcesBuildPhase;
			buildActionMask = 2147483647;
			files = (
				DD85440927219D4D004D38F0 /* BdcTests.swift in Sources */,
			);
			runOnlyForDeploymentPostprocessing = 0;
		};
		DD85440A27219D4D004D38F0 /* Sources */ = {
			isa = PBXSourcesBuildPhase;
			buildActionMask = 2147483647;
			files = (
				DD85441527219D4D004D38F0 /* BdcUITestsLaunchTests.swift in Sources */,
				DD85441327219D4D004D38F0 /* BdcUITests.swift in Sources */,
			);
			runOnlyForDeploymentPostprocessing = 0;
		};
/* End PBXSourcesBuildPhase section */

/* Begin PBXTargetDependency section */
		DD85440627219D4D004D38F0 /* PBXTargetDependency */ = {
			isa = PBXTargetDependency;
			target = DD8543EA27219D4A004D38F0 /* Bdc */;
			targetProxy = DD85440527219D4D004D38F0 /* PBXContainerItemProxy */;
		};
		DD85441027219D4D004D38F0 /* PBXTargetDependency */ = {
			isa = PBXTargetDependency;
			target = DD8543EA27219D4A004D38F0 /* Bdc */;
			targetProxy = DD85440F27219D4D004D38F0 /* PBXContainerItemProxy */;
		};
/* End PBXTargetDependency section */

/* Begin PBXVariantGroup section */
		DD8543F427219D4A004D38F0 /* Main.storyboard */ = {
			isa = PBXVariantGroup;
			children = (
				DD8543F527219D4A004D38F0 /* Base */,
			);
			name = Main.storyboard;
			sourceTree = "<group>";
		};
		DD8543FC27219D4C004D38F0 /* LaunchScreen.storyboard */ = {
			isa = PBXVariantGroup;
			children = (
				DD8543FD27219D4C004D38F0 /* Base */,
			);
			name = LaunchScreen.storyboard;
			sourceTree = "<group>";
		};
/* End PBXVariantGroup section */

/* Begin XCBuildConfiguration section */
		DD85441627219D4D004D38F0 /* Debug */ = {
			isa = XCBuildConfiguration;
			buildSettings = {
				ALWAYS_SEARCH_USER_PATHS = NO;
				CLANG_ANALYZER_NONNULL = YES;
				CLANG_ANALYZER_NUMBER_OBJECT_CONVERSION = YES_AGGRESSIVE;
				CLANG_CXX_LANGUAGE_STANDARD = "gnu++17";
				CLANG_CXX_LIBRARY = "libc++";
				CLANG_ENABLE_MODULES = YES;
				CLANG_ENABLE_OBJC_ARC = YES;
				CLANG_ENABLE_OBJC_WEAK = YES;
				CLANG_WARN_BLOCK_CAPTURE_AUTORELEASING = YES;
				CLANG_WARN_BOOL_CONVERSION = YES;
				CLANG_WARN_COMMA = YES;
				CLANG_WARN_CONSTANT_CONVERSION = YES;
				CLANG_WARN_DEPRECATED_OBJC_IMPLEMENTATIONS = YES;
				CLANG_WARN_DIRECT_OBJC_ISA_USAGE = YES_ERROR;
				CLANG_WARN_DOCUMENTATION_COMMENTS = YES;
				CLANG_WARN_EMPTY_BODY = YES;
				CLANG_WARN_ENUM_CONVERSION = YES;
				CLANG_WARN_INFINITE_RECURSION = YES;
				CLANG_WARN_INT_CONVERSION = YES;
				CLANG_WARN_NON_LITERAL_NULL_CONVERSION = YES;
				CLANG_WARN_OBJC_IMPLICIT_RETAIN_SELF = YES;
				CLANG_WARN_OBJC_LITERAL_CONVERSION = YES;
				CLANG_WARN_OBJC_ROOT_CLASS = YES_ERROR;
				CLANG_WARN_QUOTED_INCLUDE_IN_FRAMEWORK_HEADER = YES;
				CLANG_WARN_RANGE_LOOP_ANALYSIS = YES;
				CLANG_WARN_STRICT_PROTOTYPES = YES;
				CLANG_WARN_SUSPICIOUS_MOVE = YES;
				CLANG_WARN_UNGUARDED_AVAILABILITY = YES_AGGRESSIVE;
				CLANG_WARN_UNREACHABLE_CODE = YES;
				CLANG_WARN__DUPLICATE_METHOD_MATCH = YES;
				COPY_PHASE_STRIP = NO;
				DEBUG_INFORMATION_FORMAT = dwarf;
				ENABLE_STRICT_OBJC_MSGSEND = YES;
				ENABLE_TESTABILITY = YES;
				GCC_C_LANGUAGE_STANDARD = gnu11;
				GCC_DYNAMIC_NO_PIC = NO;
				GCC_NO_COMMON_BLOCKS = YES;
				GCC_OPTIMIZATION_LEVEL = 0;
				GCC_PREPROCESSOR_DEFINITIONS = (
					"DEBUG=1",
					"$(inherited)",
				);
				GCC_WARN_64_TO_32_BIT_CONVERSION = YES;
				GCC_WARN_ABOUT_RETURN_TYPE = YES_ERROR;
				GCC_WARN_UNDECLARED_SELECTOR = YES;
				GCC_WARN_UNINITIALIZED_AUTOS = YES_AGGRESSIVE;
				GCC_WARN_UNUSED_FUNCTION = YES;
				GCC_WARN_UNUSED_VARIABLE = YES;
				IPHONEOS_DEPLOYMENT_TARGET = 15.0;
				MTL_ENABLE_DEBUG_INFO = INCLUDE_SOURCE;
				MTL_FAST_MATH = YES;
				ONLY_ACTIVE_ARCH = YES;
				SDKROOT = iphoneos;
				SWIFT_ACTIVE_COMPILATION_CONDITIONS = DEBUG;
				SWIFT_OPTIMIZATION_LEVEL = "-Onone";
			};
			name = Debug;
		};
		DD85441727219D4D004D38F0 /* Release */ = {
			isa = XCBuildConfiguration;
			buildSettings = {
				ALWAYS_SEARCH_USER_PATHS = NO;
				CLANG_ANALYZER_NONNULL = YES;
				CLANG_ANALYZER_NUMBER_OBJECT_CONVERSION = YES_AGGRESSIVE;
				CLANG_CXX_LANGUAGE_STANDARD = "gnu++17";
				CLANG_CXX_LIBRARY = "libc++";
				CLANG_ENABLE_MODULES = YES;
				CLANG_ENABLE_OBJC_ARC = YES;
				CLANG_ENABLE_OBJC_WEAK = YES;
				CLANG_WARN_BLOCK_CAPTURE_AUTORELEASING = YES;
				CLANG_WARN_BOOL_CONVERSION = YES;
				CLANG_WARN_COMMA = YES;
				CLANG_WARN_CONSTANT_CONVERSION = YES;
				CLANG_WARN_DEPRECATED_OBJC_IMPLEMENTATIONS = YES;
				CLANG_WARN_DIRECT_OBJC_ISA_USAGE = YES_ERROR;
				CLANG_WARN_DOCUMENTATION_COMMENTS = YES;
				CLANG_WARN_EMPTY_BODY = YES;
				CLANG_WARN_ENUM_CONVERSION = YES;
				CLANG_WARN_INFINITE_RECURSION = YES;
				CLANG_WARN_INT_CONVERSION = YES;
				CLANG_WARN_NON_LITERAL_NULL_CONVERSION = YES;
				CLANG_WARN_OBJC_IMPLICIT_RETAIN_SELF = YES;
				CLANG_WARN_OBJC_LITERAL_CONVERSION = YES;
				CLANG_WARN_OBJC_ROOT_CLASS = YES_ERROR;
				CLANG_WARN_QUOTED_INCLUDE_IN_FRAMEWORK_HEADER = YES;
				CLANG_WARN_RANGE_LOOP_ANALYSIS = YES;
				CLANG_WARN_STRICT_PROTOTYPES = YES;
				CLANG_WARN_SUSPICIOUS_MOVE = YES;
				CLANG_WARN_UNGUARDED_AVAILABILITY = YES_AGGRESSIVE;
				CLANG_WARN_UNREACHABLE_CODE = YES;
				CLANG_WARN__DUPLICATE_METHOD_MATCH = YES;
				COPY_PHASE_STRIP = NO;
				DEBUG_INFORMATION_FORMAT = "dwarf-with-dsym";
				ENABLE_NS_ASSERTIONS = NO;
				ENABLE_STRICT_OBJC_MSGSEND = YES;
				GCC_C_LANGUAGE_STANDARD = gnu11;
				GCC_NO_COMMON_BLOCKS = YES;
				GCC_WARN_64_TO_32_BIT_CONVERSION = YES;
				GCC_WARN_ABOUT_RETURN_TYPE = YES_ERROR;
				GCC_WARN_UNDECLARED_SELECTOR = YES;
				GCC_WARN_UNINITIALIZED_AUTOS = YES_AGGRESSIVE;
				GCC_WARN_UNUSED_FUNCTION = YES;
				GCC_WARN_UNUSED_VARIABLE = YES;
				IPHONEOS_DEPLOYMENT_TARGET = 15.0;
				MTL_ENABLE_DEBUG_INFO = NO;
				MTL_FAST_MATH = YES;
				SDKROOT = iphoneos;
				SWIFT_COMPILATION_MODE = wholemodule;
				SWIFT_OPTIMIZATION_LEVEL = "-O";
				VALIDATE_PRODUCT = YES;
			};
			name = Release;
		};
		DD85441927219D4D004D38F0 /* Debug */ = {
			isa = XCBuildConfiguration;
			buildSettings = {
				ASSETCATALOG_COMPILER_APPICON_NAME = AppIcon;
				ASSETCATALOG_COMPILER_GLOBAL_ACCENT_COLOR_NAME = AccentColor;
				CODE_SIGN_STYLE = Automatic;
				CURRENT_PROJECT_VERSION = 1;
				DEVELOPMENT_TEAM = NL9F3R852A;
				GENERATE_INFOPLIST_FILE = YES;
				INFOPLIST_FILE = Bdc/Info.plist;
				INFOPLIST_KEY_UIApplicationSupportsIndirectInputEvents = YES;
				INFOPLIST_KEY_UILaunchStoryboardName = LaunchScreen;
				INFOPLIST_KEY_UIMainStoryboardFile = Main;
				INFOPLIST_KEY_UISupportedInterfaceOrientations_iPad = "UIInterfaceOrientationPortrait UIInterfaceOrientationPortraitUpsideDown UIInterfaceOrientationLandscapeLeft UIInterfaceOrientationLandscapeRight";
				INFOPLIST_KEY_UISupportedInterfaceOrientations_iPhone = "UIInterfaceOrientationPortrait UIInterfaceOrientationLandscapeLeft UIInterfaceOrientationLandscapeRight";
				LD_RUNPATH_SEARCH_PATHS = (
					"$(inherited)",
					"@executable_path/Frameworks",
				);
				MARKETING_VERSION = 1.0;
				PRODUCT_BUNDLE_IDENTIFIER = leobartowski.Bdc;
				PRODUCT_NAME = "$(TARGET_NAME)";
				SWIFT_EMIT_LOC_STRINGS = YES;
				SWIFT_VERSION = 5.0;
				TARGETED_DEVICE_FAMILY = "1,2";
			};
			name = Debug;
		};
		DD85441A27219D4D004D38F0 /* Release */ = {
			isa = XCBuildConfiguration;
			buildSettings = {
				ASSETCATALOG_COMPILER_APPICON_NAME = AppIcon;
				ASSETCATALOG_COMPILER_GLOBAL_ACCENT_COLOR_NAME = AccentColor;
				CODE_SIGN_STYLE = Automatic;
				CURRENT_PROJECT_VERSION = 1;
				DEVELOPMENT_TEAM = NL9F3R852A;
				GENERATE_INFOPLIST_FILE = YES;
				INFOPLIST_FILE = Bdc/Info.plist;
				INFOPLIST_KEY_UIApplicationSupportsIndirectInputEvents = YES;
				INFOPLIST_KEY_UILaunchStoryboardName = LaunchScreen;
				INFOPLIST_KEY_UIMainStoryboardFile = Main;
				INFOPLIST_KEY_UISupportedInterfaceOrientations_iPad = "UIInterfaceOrientationPortrait UIInterfaceOrientationPortraitUpsideDown UIInterfaceOrientationLandscapeLeft UIInterfaceOrientationLandscapeRight";
				INFOPLIST_KEY_UISupportedInterfaceOrientations_iPhone = "UIInterfaceOrientationPortrait UIInterfaceOrientationLandscapeLeft UIInterfaceOrientationLandscapeRight";
				LD_RUNPATH_SEARCH_PATHS = (
					"$(inherited)",
					"@executable_path/Frameworks",
				);
				MARKETING_VERSION = 1.0;
				PRODUCT_BUNDLE_IDENTIFIER = leobartowski.Bdc;
				PRODUCT_NAME = "$(TARGET_NAME)";
				SWIFT_EMIT_LOC_STRINGS = YES;
				SWIFT_VERSION = 5.0;
				TARGETED_DEVICE_FAMILY = "1,2";
			};
			name = Release;
		};
		DD85441C27219D4D004D38F0 /* Debug */ = {
			isa = XCBuildConfiguration;
			buildSettings = {
				ALWAYS_EMBED_SWIFT_STANDARD_LIBRARIES = YES;
				BUNDLE_LOADER = "$(TEST_HOST)";
				CODE_SIGN_STYLE = Automatic;
				CURRENT_PROJECT_VERSION = 1;
				DEVELOPMENT_TEAM = NL9F3R852A;
				GENERATE_INFOPLIST_FILE = YES;
				IPHONEOS_DEPLOYMENT_TARGET = 15.0;
				LD_RUNPATH_SEARCH_PATHS = (
					"$(inherited)",
					"@executable_path/Frameworks",
					"@loader_path/Frameworks",
				);
				MARKETING_VERSION = 1.0;
				PRODUCT_BUNDLE_IDENTIFIER = leobartowski.BdcTests;
				PRODUCT_NAME = "$(TARGET_NAME)";
				SWIFT_EMIT_LOC_STRINGS = NO;
				SWIFT_VERSION = 5.0;
				TARGETED_DEVICE_FAMILY = "1,2";
				TEST_HOST = "$(BUILT_PRODUCTS_DIR)/Bdc.app/Bdc";
			};
			name = Debug;
		};
		DD85441D27219D4D004D38F0 /* Release */ = {
			isa = XCBuildConfiguration;
			buildSettings = {
				ALWAYS_EMBED_SWIFT_STANDARD_LIBRARIES = YES;
				BUNDLE_LOADER = "$(TEST_HOST)";
				CODE_SIGN_STYLE = Automatic;
				CURRENT_PROJECT_VERSION = 1;
				DEVELOPMENT_TEAM = NL9F3R852A;
				GENERATE_INFOPLIST_FILE = YES;
				IPHONEOS_DEPLOYMENT_TARGET = 15.0;
				LD_RUNPATH_SEARCH_PATHS = (
					"$(inherited)",
					"@executable_path/Frameworks",
					"@loader_path/Frameworks",
				);
				MARKETING_VERSION = 1.0;
				PRODUCT_BUNDLE_IDENTIFIER = leobartowski.BdcTests;
				PRODUCT_NAME = "$(TARGET_NAME)";
				SWIFT_EMIT_LOC_STRINGS = NO;
				SWIFT_VERSION = 5.0;
				TARGETED_DEVICE_FAMILY = "1,2";
				TEST_HOST = "$(BUILT_PRODUCTS_DIR)/Bdc.app/Bdc";
			};
			name = Release;
		};
		DD85441F27219D4D004D38F0 /* Debug */ = {
			isa = XCBuildConfiguration;
			buildSettings = {
				ALWAYS_EMBED_SWIFT_STANDARD_LIBRARIES = YES;
				CODE_SIGN_STYLE = Automatic;
				CURRENT_PROJECT_VERSION = 1;
				DEVELOPMENT_TEAM = NL9F3R852A;
				GENERATE_INFOPLIST_FILE = YES;
				LD_RUNPATH_SEARCH_PATHS = (
					"$(inherited)",
					"@executable_path/Frameworks",
					"@loader_path/Frameworks",
				);
				MARKETING_VERSION = 1.0;
				PRODUCT_BUNDLE_IDENTIFIER = leobartowski.BdcUITests;
				PRODUCT_NAME = "$(TARGET_NAME)";
				SWIFT_EMIT_LOC_STRINGS = NO;
				SWIFT_VERSION = 5.0;
				TARGETED_DEVICE_FAMILY = "1,2";
				TEST_TARGET_NAME = Bdc;
			};
			name = Debug;
		};
		DD85442027219D4D004D38F0 /* Release */ = {
			isa = XCBuildConfiguration;
			buildSettings = {
				ALWAYS_EMBED_SWIFT_STANDARD_LIBRARIES = YES;
				CODE_SIGN_STYLE = Automatic;
				CURRENT_PROJECT_VERSION = 1;
				DEVELOPMENT_TEAM = NL9F3R852A;
				GENERATE_INFOPLIST_FILE = YES;
				LD_RUNPATH_SEARCH_PATHS = (
					"$(inherited)",
					"@executable_path/Frameworks",
					"@loader_path/Frameworks",
				);
				MARKETING_VERSION = 1.0;
				PRODUCT_BUNDLE_IDENTIFIER = leobartowski.BdcUITests;
				PRODUCT_NAME = "$(TARGET_NAME)";
				SWIFT_EMIT_LOC_STRINGS = NO;
				SWIFT_VERSION = 5.0;
				TARGETED_DEVICE_FAMILY = "1,2";
				TEST_TARGET_NAME = Bdc;
			};
			name = Release;
		};
/* End XCBuildConfiguration section */

/* Begin XCConfigurationList section */
		DD8543E627219D4A004D38F0 /* Build configuration list for PBXProject "Bdc" */ = {
			isa = XCConfigurationList;
			buildConfigurations = (
				DD85441627219D4D004D38F0 /* Debug */,
				DD85441727219D4D004D38F0 /* Release */,
			);
			defaultConfigurationIsVisible = 0;
			defaultConfigurationName = Release;
		};
		DD85441827219D4D004D38F0 /* Build configuration list for PBXNativeTarget "Bdc" */ = {
			isa = XCConfigurationList;
			buildConfigurations = (
				DD85441927219D4D004D38F0 /* Debug */,
				DD85441A27219D4D004D38F0 /* Release */,
			);
			defaultConfigurationIsVisible = 0;
			defaultConfigurationName = Release;
		};
		DD85441B27219D4D004D38F0 /* Build configuration list for PBXNativeTarget "BdcTests" */ = {
			isa = XCConfigurationList;
			buildConfigurations = (
				DD85441C27219D4D004D38F0 /* Debug */,
				DD85441D27219D4D004D38F0 /* Release */,
			);
			defaultConfigurationIsVisible = 0;
			defaultConfigurationName = Release;
		};
		DD85441E27219D4D004D38F0 /* Build configuration list for PBXNativeTarget "BdcUITests" */ = {
			isa = XCConfigurationList;
			buildConfigurations = (
				DD85441F27219D4D004D38F0 /* Debug */,
				DD85442027219D4D004D38F0 /* Release */,
			);
			defaultConfigurationIsVisible = 0;
			defaultConfigurationName = Release;
		};
/* End XCConfigurationList section */

/* Begin XCVersionGroup section */
		DD8543F727219D4A004D38F0 /* Bdc.xcdatamodeld */ = {
			isa = XCVersionGroup;
			children = (
				DD8543F827219D4A004D38F0 /* Bdc.xcdatamodel */,
			);
			currentVersion = DD8543F827219D4A004D38F0 /* Bdc.xcdatamodel */;
			path = Bdc.xcdatamodeld;
			sourceTree = "<group>";
			versionGroupType = wrapper.xcdatamodel;
		};
/* End XCVersionGroup section */
	};
	rootObject = DD8543E327219D4A004D38F0 /* Project object */;
}
