// !$*UTF8*$!
{
	archiveVersion = 1;
	classes = {
	};
	objectVersion = 55;
	objects = {

/* Begin PBXBuildFile section */
		54B938B869BE45021DEB0B10 /* Pods_BdcTests.framework in Frameworks */ = {isa = PBXBuildFile; fileRef = 860C8EC55C5FE510EA8FC2AA /* Pods_BdcTests.framework */; };
		CADC2548265E9B1D06ECF247 /* Pods_Bdc_BdcUITests.framework in Frameworks */ = {isa = PBXBuildFile; fileRef = E9119FA55433DC0831BDC2B0 /* Pods_Bdc_BdcUITests.framework */; };
		CFDB48D8A7E962B77C7B952B /* Pods_Bdc.framework in Frameworks */ = {isa = PBXBuildFile; fileRef = 3652EAF5B75E35B222818918 /* Pods_Bdc.framework */; };
		DD03AC1727481092004C4819 /* CalendarCollectionViewCell.swift in Sources */ = {isa = PBXBuildFile; fileRef = DD03AC1627481092004C4819 /* CalendarCollectionViewCell.swift */; };
		DD03AC19274811B8004C4819 /* CalendarViewController + CollectionView.swift in Sources */ = {isa = PBXBuildFile; fileRef = DD03AC18274811B8004C4819 /* CalendarViewController + CollectionView.swift */; };
		DD03AC1B27481CBB004C4819 /* CalendarHeaderCollectionReusableView.swift in Sources */ = {isa = PBXBuildFile; fileRef = DD03AC1A27481CBB004C4819 /* CalendarHeaderCollectionReusableView.swift */; };
		DD0CAB532728108600EA42B1 /* DayType.swift in Sources */ = {isa = PBXBuildFile; fileRef = DD0CAB522728108600EA42B1 /* DayType.swift */; };
		DD0CAB552729493F00EA42B1 /* UIViewController + Ext.swift in Sources */ = {isa = PBXBuildFile; fileRef = DD0CAB542729493F00EA42B1 /* UIViewController + Ext.swift */; };
		DD18C7F927220B0A0086BB6C /* CoreDataService.swift in Sources */ = {isa = PBXBuildFile; fileRef = DD18C7F827220B0A0086BB6C /* CoreDataService.swift */; };
		DD18C7FB27220B890086BB6C /* CoreDateContainer.swift in Sources */ = {isa = PBXBuildFile; fileRef = DD18C7FA27220B890086BB6C /* CoreDateContainer.swift */; };
		DD1A1C65274908AB006FC676 /* UIView - Ext.swift in Sources */ = {isa = PBXBuildFile; fileRef = DD1A1C64274908AB006FC676 /* UIView - Ext.swift */; };
		DD1EAF3A2726DDD100EF1455 /* CommonUtility.swift in Sources */ = {isa = PBXBuildFile; fileRef = DD1EAF392726DDD100EF1455 /* CommonUtility.swift */; };
		DD27CAB1277368810020BE4D /* RankingType.swift in Sources */ = {isa = PBXBuildFile; fileRef = DD27CAB0277368810020BE4D /* RankingType.swift */; };
		DD368F4E2774BE4F000F0A84 /* MonthYearPickerView.swift in Sources */ = {isa = PBXBuildFile; fileRef = DD368F4D2774BE4F000F0A84 /* MonthYearPickerView.swift */; };
		DD368F502774BECD000F0A84 /* RankingViewController+DatePicker.swift in Sources */ = {isa = PBXBuildFile; fileRef = DD368F4F2774BECD000F0A84 /* RankingViewController+DatePicker.swift */; };
		DD368F522774D415000F0A84 /* YearPickerView.swift in Sources */ = {isa = PBXBuildFile; fileRef = DD368F512774D415000F0A84 /* YearPickerView.swift */; };
		DD413379274FC94C0038B4C6 /* RankingViewController + TableView.swift in Sources */ = {isa = PBXBuildFile; fileRef = DD413378274FC94C0038B4C6 /* RankingViewController + TableView.swift */; };
		DD41743027246BA500BE5BFD /* RankingViewController + FSCalendar.swift in Sources */ = {isa = PBXBuildFile; fileRef = DD41742F27246BA500BE5BFD /* RankingViewController + FSCalendar.swift */; };
		DD5542E027245656000D9F48 /* CalendarViewController + FSCalendar.swift in Sources */ = {isa = PBXBuildFile; fileRef = DD5542DF27245656000D9F48 /* CalendarViewController + FSCalendar.swift */; };
		DD60B5552753C72600D776CC /* RankingDayHeaderCollectionReusableView.swift in Sources */ = {isa = PBXBuildFile; fileRef = DD60B5542753C72600D776CC /* RankingDayHeaderCollectionReusableView.swift */; };
		DD617CEB2753C2F9002AD5E7 /* RankingSingleDayCollectionViewCell.swift in Sources */ = {isa = PBXBuildFile; fileRef = DD617CEA2753C2F9002AD5E7 /* RankingSingleDayCollectionViewCell.swift */; };
		DD617CED2753C3AE002AD5E7 /* RankingTableViewCell + CollectionView.swift in Sources */ = {isa = PBXBuildFile; fileRef = DD617CEC2753C3AE002AD5E7 /* RankingTableViewCell + CollectionView.swift */; };
		DD64968527221A40009E455F /* Person+CoreDataProperties.swift in Sources */ = {isa = PBXBuildFile; fileRef = DD64968127221A40009E455F /* Person+CoreDataProperties.swift */; };
		DD64968627221A40009E455F /* Person+CoreDataClass.swift in Sources */ = {isa = PBXBuildFile; fileRef = DD64968227221A40009E455F /* Person+CoreDataClass.swift */; };
		DD64968727221A40009E455F /* Attendance+CoreDataClass.swift in Sources */ = {isa = PBXBuildFile; fileRef = DD64968327221A40009E455F /* Attendance+CoreDataClass.swift */; };
		DD709C852773612C00D20C6A /* RankingTypeTableViewCell.swift in Sources */ = {isa = PBXBuildFile; fileRef = DD709C842773612C00D20C6A /* RankingTypeTableViewCell.swift */; };
		DD717D4F2772411C0003CB16 /* RankingViewController + HandleType.swift in Sources */ = {isa = PBXBuildFile; fileRef = DD717D4E2772411C0003CB16 /* RankingViewController + HandleType.swift */; };
		DD717D522772428C0003CB16 /* RankingTypeViewController.swift in Sources */ = {isa = PBXBuildFile; fileRef = DD717D512772428C0003CB16 /* RankingTypeViewController.swift */; };
		DD717D54277244D70003CB16 /* BottomSheet.storyboard in Resources */ = {isa = PBXBuildFile; fileRef = DD717D53277244D70003CB16 /* BottomSheet.storyboard */; };
		DD717D56277249B90003CB16 /* CheckBox.swift in Sources */ = {isa = PBXBuildFile; fileRef = DD717D55277249B90003CB16 /* CheckBox.swift */; };
		DD7B258327567AA100E663AC /* PDFCreator.swift in Sources */ = {isa = PBXBuildFile; fileRef = DD7B258227567AA100E663AC /* PDFCreator.swift */; };
		DD7B258527567B0600E663AC /* RankingViewController + PDF.swift in Sources */ = {isa = PBXBuildFile; fileRef = DD7B258427567B0600E663AC /* RankingViewController + PDF.swift */; };
		DD7B2587275680BD00E663AC /* PDFTableDataItem.swift in Sources */ = {isa = PBXBuildFile; fileRef = DD7B2586275680BD00E663AC /* PDFTableDataItem.swift */; };
		DD7B2589275680DE00E663AC /* Array + Ext.swift in Sources */ = {isa = PBXBuildFile; fileRef = DD7B2588275680DE00E663AC /* Array + Ext.swift */; };
		DD8483072774DE9E00E7F179 /* Constant.swift in Sources */ = {isa = PBXBuildFile; fileRef = DD8483062774DE9E00E7F179 /* Constant.swift */; };
		DD84830A27772AFA00E7F179 /* SettingsViewController.swift in Sources */ = {isa = PBXBuildFile; fileRef = DD84830927772AFA00E7F179 /* SettingsViewController.swift */; };
		DD84830D27772FC200E7F179 /* SettingsSwitchTableViewCell.swift in Sources */ = {isa = PBXBuildFile; fileRef = DD84830C27772FC200E7F179 /* SettingsSwitchTableViewCell.swift */; };
		DD84830F277786D600E7F179 /* NotificationName.swift in Sources */ = {isa = PBXBuildFile; fileRef = DD84830E277786D500E7F179 /* NotificationName.swift */; };
		DD84831127778D1500E7F179 /* SettingsType.swift in Sources */ = {isa = PBXBuildFile; fileRef = DD84831027778D1500E7F179 /* SettingsType.swift */; };
		DD8543EF27219D4A004D38F0 /* AppDelegate.swift in Sources */ = {isa = PBXBuildFile; fileRef = DD8543EE27219D4A004D38F0 /* AppDelegate.swift */; };
		DD8543F127219D4A004D38F0 /* SceneDelegate.swift in Sources */ = {isa = PBXBuildFile; fileRef = DD8543F027219D4A004D38F0 /* SceneDelegate.swift */; };
		DD8543F327219D4A004D38F0 /* CalendarViewController.swift in Sources */ = {isa = PBXBuildFile; fileRef = DD8543F227219D4A004D38F0 /* CalendarViewController.swift */; };
		DD8543F627219D4A004D38F0 /* Main.storyboard in Resources */ = {isa = PBXBuildFile; fileRef = DD8543F427219D4A004D38F0 /* Main.storyboard */; };
		DD8543FB27219D4C004D38F0 /* Assets.xcassets in Resources */ = {isa = PBXBuildFile; fileRef = DD8543FA27219D4C004D38F0 /* Assets.xcassets */; };
		DD8543FE27219D4C004D38F0 /* LaunchScreen.storyboard in Resources */ = {isa = PBXBuildFile; fileRef = DD8543FC27219D4C004D38F0 /* LaunchScreen.storyboard */; };
		DD85440927219D4D004D38F0 /* BdcTests.swift in Sources */ = {isa = PBXBuildFile; fileRef = DD85440827219D4D004D38F0 /* BdcTests.swift */; };
		DD85441327219D4D004D38F0 /* BdcUITests.swift in Sources */ = {isa = PBXBuildFile; fileRef = DD85441227219D4D004D38F0 /* BdcUITests.swift */; };
		DD85441527219D4D004D38F0 /* BdcUITestsLaunchTests.swift in Sources */ = {isa = PBXBuildFile; fileRef = DD85441427219D4D004D38F0 /* BdcUITestsLaunchTests.swift */; };
		DDB292602721A8D400D96E67 /* RankingSectionHeaderView.xib in Resources */ = {isa = PBXBuildFile; fileRef = DDB2925F2721A8D400D96E67 /* RankingSectionHeaderView.xib */; };
		DDB292622721A90500D96E67 /* RankingSectionHeaderView.swift in Sources */ = {isa = PBXBuildFile; fileRef = DDB292612721A90500D96E67 /* RankingSectionHeaderView.swift */; };
		DDC1E5CE2752966E00C2BF2C /* Attendance+CoreDataProperties.swift in Sources */ = {isa = PBXBuildFile; fileRef = DDC1E5CC2752966E00C2BF2C /* Attendance+CoreDataProperties.swift */; };
		DDC337A42724065A0028E49B /* RankingViewController.swift in Sources */ = {isa = PBXBuildFile; fileRef = DDC337A32724065A0028E49B /* RankingViewController.swift */; };
		DDC337A627240CAE0028E49B /* Date - Ext.swift in Sources */ = {isa = PBXBuildFile; fileRef = DDC337A527240CAE0028E49B /* Date - Ext.swift */; };
		DDC51A4F27564191004A836B /* SortingPositionAndType.swift in Sources */ = {isa = PBXBuildFile; fileRef = DDC51A4E27564191004A836B /* SortingPositionAndType.swift */; };
		DDC9EB6A275031CD00653138 /* PersonsList+CoreDataClass.swift in Sources */ = {isa = PBXBuildFile; fileRef = DDC9EB68275031CD00653138 /* PersonsList+CoreDataClass.swift */; };
		DDC9EB6B275031CD00653138 /* PersonsList+CoreDataProperties.swift in Sources */ = {isa = PBXBuildFile; fileRef = DDC9EB69275031CD00653138 /* PersonsList+CoreDataProperties.swift */; };
		DDCBBDB4274D44B4002B60DA /* MySegmentedControl.swift in Sources */ = {isa = PBXBuildFile; fileRef = DDCBBDB3274D44B4002B60DA /* MySegmentedControl.swift */; };
		DDCBBDB6274D5288002B60DA /* RankingTableViewCell.swift in Sources */ = {isa = PBXBuildFile; fileRef = DDCBBDB5274D5288002B60DA /* RankingTableViewCell.swift */; };
		DDD5051D27220FB000508F60 /* Bdc.xcdatamodeld in Sources */ = {isa = PBXBuildFile; fileRef = DDD5051B27220FB000508F60 /* Bdc.xcdatamodeld */; };
		DDE3B1722722CD4200BFEFF0 /* Formatter - Ext.swift in Sources */ = {isa = PBXBuildFile; fileRef = DDE3B1712722CD4200BFEFF0 /* Formatter - Ext.swift */; };
		DDE3B1752722D3C200BFEFF0 /* PersonListUtility.swift in Sources */ = {isa = PBXBuildFile; fileRef = DDE3B1742722D3C200BFEFF0 /* PersonListUtility.swift */; };
		DDF1DE4D272C50CE006B7DFD /* Theme.swift in Sources */ = {isa = PBXBuildFile; fileRef = DDF1DE4C272C50CE006B7DFD /* Theme.swift */; };
		DDF9B58327786BC400E2FEE2 /* SettingsArrowTableViewCell.swift in Sources */ = {isa = PBXBuildFile; fileRef = DDF9B58227786BC400E2FEE2 /* SettingsArrowTableViewCell.swift */; };
/* End PBXBuildFile section */

/* Begin PBXContainerItemProxy section */
		DD85440527219D4D004D38F0 /* PBXContainerItemProxy */ = {
			isa = PBXContainerItemProxy;
			containerPortal = DD8543E327219D4A004D38F0 /* Project object */;
			proxyType = 1;
			remoteGlobalIDString = DD8543EA27219D4A004D38F0;
			remoteInfo = Bdc;
		};
		DD85440F27219D4D004D38F0 /* PBXContainerItemProxy */ = {
			isa = PBXContainerItemProxy;
			containerPortal = DD8543E327219D4A004D38F0 /* Project object */;
			proxyType = 1;
			remoteGlobalIDString = DD8543EA27219D4A004D38F0;
			remoteInfo = Bdc;
		};
/* End PBXContainerItemProxy section */

/* Begin PBXFileReference section */
		2FA8570DFB0F386206E4ED2C /* Pods-Bdc.release.xcconfig */ = {isa = PBXFileReference; includeInIndex = 1; lastKnownFileType = text.xcconfig; name = "Pods-Bdc.release.xcconfig"; path = "Target Support Files/Pods-Bdc/Pods-Bdc.release.xcconfig"; sourceTree = "<group>"; };
		3652EAF5B75E35B222818918 /* Pods_Bdc.framework */ = {isa = PBXFileReference; explicitFileType = wrapper.framework; includeInIndex = 0; path = Pods_Bdc.framework; sourceTree = BUILT_PRODUCTS_DIR; };
		3FD84AADC577221ADB6B5DC5 /* Pods-Bdc-BdcUITests.debug.xcconfig */ = {isa = PBXFileReference; includeInIndex = 1; lastKnownFileType = text.xcconfig; name = "Pods-Bdc-BdcUITests.debug.xcconfig"; path = "Target Support Files/Pods-Bdc-BdcUITests/Pods-Bdc-BdcUITests.debug.xcconfig"; sourceTree = "<group>"; };
		41D20BE80F3CCFC127AD3370 /* Pods-BdcTests.debug.xcconfig */ = {isa = PBXFileReference; includeInIndex = 1; lastKnownFileType = text.xcconfig; name = "Pods-BdcTests.debug.xcconfig"; path = "Target Support Files/Pods-BdcTests/Pods-BdcTests.debug.xcconfig"; sourceTree = "<group>"; };
		73BB565C462E06257FB6EA45 /* Pods-Bdc-BdcUITests.release.xcconfig */ = {isa = PBXFileReference; includeInIndex = 1; lastKnownFileType = text.xcconfig; name = "Pods-Bdc-BdcUITests.release.xcconfig"; path = "Target Support Files/Pods-Bdc-BdcUITests/Pods-Bdc-BdcUITests.release.xcconfig"; sourceTree = "<group>"; };
		7B1B729BA1A3ABB32348512A /* Pods-Bdc.debug.xcconfig */ = {isa = PBXFileReference; includeInIndex = 1; lastKnownFileType = text.xcconfig; name = "Pods-Bdc.debug.xcconfig"; path = "Target Support Files/Pods-Bdc/Pods-Bdc.debug.xcconfig"; sourceTree = "<group>"; };
		860C8EC55C5FE510EA8FC2AA /* Pods_BdcTests.framework */ = {isa = PBXFileReference; explicitFileType = wrapper.framework; includeInIndex = 0; path = Pods_BdcTests.framework; sourceTree = BUILT_PRODUCTS_DIR; };
		9BFA4AC8C666FA34A5B36127 /* Pods-BdcTests.release.xcconfig */ = {isa = PBXFileReference; includeInIndex = 1; lastKnownFileType = text.xcconfig; name = "Pods-BdcTests.release.xcconfig"; path = "Target Support Files/Pods-BdcTests/Pods-BdcTests.release.xcconfig"; sourceTree = "<group>"; };
		DD03AC1627481092004C4819 /* CalendarCollectionViewCell.swift */ = {isa = PBXFileReference; lastKnownFileType = sourcecode.swift; path = CalendarCollectionViewCell.swift; sourceTree = "<group>"; };
		DD03AC18274811B8004C4819 /* CalendarViewController + CollectionView.swift */ = {isa = PBXFileReference; lastKnownFileType = sourcecode.swift; path = "CalendarViewController + CollectionView.swift"; sourceTree = "<group>"; };
		DD03AC1A27481CBB004C4819 /* CalendarHeaderCollectionReusableView.swift */ = {isa = PBXFileReference; lastKnownFileType = sourcecode.swift; path = CalendarHeaderCollectionReusableView.swift; sourceTree = "<group>"; };
		DD0CAB4F27280FB200EA42B1 /* Attendance+CoreDataProperties.swift */ = {isa = PBXFileReference; fileEncoding = 4; lastKnownFileType = sourcecode.swift; path = "Attendance+CoreDataProperties.swift"; sourceTree = "<group>"; };
		DD0CAB522728108600EA42B1 /* DayType.swift */ = {isa = PBXFileReference; lastKnownFileType = sourcecode.swift; path = DayType.swift; sourceTree = "<group>"; };
		DD0CAB542729493F00EA42B1 /* UIViewController + Ext.swift */ = {isa = PBXFileReference; lastKnownFileType = sourcecode.swift; path = "UIViewController + Ext.swift"; sourceTree = "<group>"; };
		DD18C7F827220B0A0086BB6C /* CoreDataService.swift */ = {isa = PBXFileReference; lastKnownFileType = sourcecode.swift; path = CoreDataService.swift; sourceTree = "<group>"; };
		DD18C7FA27220B890086BB6C /* CoreDateContainer.swift */ = {isa = PBXFileReference; lastKnownFileType = sourcecode.swift; path = CoreDateContainer.swift; sourceTree = "<group>"; };
		DD1A1C64274908AB006FC676 /* UIView - Ext.swift */ = {isa = PBXFileReference; lastKnownFileType = sourcecode.swift; path = "UIView - Ext.swift"; sourceTree = "<group>"; };
		DD1EAF392726DDD100EF1455 /* CommonUtility.swift */ = {isa = PBXFileReference; lastKnownFileType = sourcecode.swift; path = CommonUtility.swift; sourceTree = "<group>"; };
		DD27CAB0277368810020BE4D /* RankingType.swift */ = {isa = PBXFileReference; lastKnownFileType = sourcecode.swift; path = RankingType.swift; sourceTree = "<group>"; };
		DD368F4D2774BE4F000F0A84 /* MonthYearPickerView.swift */ = {isa = PBXFileReference; lastKnownFileType = sourcecode.swift; path = MonthYearPickerView.swift; sourceTree = "<group>"; };
		DD368F4F2774BECD000F0A84 /* RankingViewController+DatePicker.swift */ = {isa = PBXFileReference; lastKnownFileType = sourcecode.swift; path = "RankingViewController+DatePicker.swift"; sourceTree = "<group>"; };
		DD368F512774D415000F0A84 /* YearPickerView.swift */ = {isa = PBXFileReference; lastKnownFileType = sourcecode.swift; path = YearPickerView.swift; sourceTree = "<group>"; };
		DD413378274FC94C0038B4C6 /* RankingViewController + TableView.swift */ = {isa = PBXFileReference; lastKnownFileType = sourcecode.swift; path = "RankingViewController + TableView.swift"; sourceTree = "<group>"; };
		DD41742F27246BA500BE5BFD /* RankingViewController + FSCalendar.swift */ = {isa = PBXFileReference; lastKnownFileType = sourcecode.swift; path = "RankingViewController + FSCalendar.swift"; sourceTree = "<group>"; };
		DD5542DF27245656000D9F48 /* CalendarViewController + FSCalendar.swift */ = {isa = PBXFileReference; lastKnownFileType = sourcecode.swift; path = "CalendarViewController + FSCalendar.swift"; sourceTree = "<group>"; };
		DD60B5542753C72600D776CC /* RankingDayHeaderCollectionReusableView.swift */ = {isa = PBXFileReference; lastKnownFileType = sourcecode.swift; path = RankingDayHeaderCollectionReusableView.swift; sourceTree = "<group>"; };
		DD617CEA2753C2F9002AD5E7 /* RankingSingleDayCollectionViewCell.swift */ = {isa = PBXFileReference; lastKnownFileType = sourcecode.swift; path = RankingSingleDayCollectionViewCell.swift; sourceTree = "<group>"; };
		DD617CEC2753C3AE002AD5E7 /* RankingTableViewCell + CollectionView.swift */ = {isa = PBXFileReference; lastKnownFileType = sourcecode.swift; path = "RankingTableViewCell + CollectionView.swift"; sourceTree = "<group>"; };
		DD64968127221A40009E455F /* Person+CoreDataProperties.swift */ = {isa = PBXFileReference; fileEncoding = 4; lastKnownFileType = sourcecode.swift; path = "Person+CoreDataProperties.swift"; sourceTree = "<group>"; };
		DD64968227221A40009E455F /* Person+CoreDataClass.swift */ = {isa = PBXFileReference; fileEncoding = 4; lastKnownFileType = sourcecode.swift; path = "Person+CoreDataClass.swift"; sourceTree = "<group>"; };
		DD64968327221A40009E455F /* Attendance+CoreDataClass.swift */ = {isa = PBXFileReference; fileEncoding = 4; lastKnownFileType = sourcecode.swift; path = "Attendance+CoreDataClass.swift"; sourceTree = "<group>"; };
		DD709C842773612C00D20C6A /* RankingTypeTableViewCell.swift */ = {isa = PBXFileReference; lastKnownFileType = sourcecode.swift; path = RankingTypeTableViewCell.swift; sourceTree = "<group>"; };
		DD717D4E2772411C0003CB16 /* RankingViewController + HandleType.swift */ = {isa = PBXFileReference; lastKnownFileType = sourcecode.swift; path = "RankingViewController + HandleType.swift"; sourceTree = "<group>"; };
		DD717D512772428C0003CB16 /* RankingTypeViewController.swift */ = {isa = PBXFileReference; lastKnownFileType = sourcecode.swift; path = RankingTypeViewController.swift; sourceTree = "<group>"; };
		DD717D53277244D70003CB16 /* BottomSheet.storyboard */ = {isa = PBXFileReference; lastKnownFileType = file.storyboard; path = BottomSheet.storyboard; sourceTree = "<group>"; };
		DD717D55277249B90003CB16 /* CheckBox.swift */ = {isa = PBXFileReference; lastKnownFileType = sourcecode.swift; path = CheckBox.swift; sourceTree = "<group>"; };
		DD7B258227567AA100E663AC /* PDFCreator.swift */ = {isa = PBXFileReference; lastKnownFileType = sourcecode.swift; path = PDFCreator.swift; sourceTree = "<group>"; };
		DD7B258427567B0600E663AC /* RankingViewController + PDF.swift */ = {isa = PBXFileReference; lastKnownFileType = sourcecode.swift; path = "RankingViewController + PDF.swift"; sourceTree = "<group>"; };
		DD7B2586275680BD00E663AC /* PDFTableDataItem.swift */ = {isa = PBXFileReference; lastKnownFileType = sourcecode.swift; path = PDFTableDataItem.swift; sourceTree = "<group>"; };
		DD7B2588275680DE00E663AC /* Array + Ext.swift */ = {isa = PBXFileReference; lastKnownFileType = sourcecode.swift; path = "Array + Ext.swift"; sourceTree = "<group>"; };
		DD8483062774DE9E00E7F179 /* Constant.swift */ = {isa = PBXFileReference; lastKnownFileType = sourcecode.swift; path = Constant.swift; sourceTree = "<group>"; };
		DD84830927772AFA00E7F179 /* SettingsViewController.swift */ = {isa = PBXFileReference; lastKnownFileType = sourcecode.swift; path = SettingsViewController.swift; sourceTree = "<group>"; };
		DD84830C27772FC200E7F179 /* SettingsSwitchTableViewCell.swift */ = {isa = PBXFileReference; lastKnownFileType = sourcecode.swift; path = SettingsSwitchTableViewCell.swift; sourceTree = "<group>"; };
		DD84830E277786D500E7F179 /* NotificationName.swift */ = {isa = PBXFileReference; lastKnownFileType = sourcecode.swift; path = NotificationName.swift; sourceTree = "<group>"; };
		DD84831027778D1500E7F179 /* SettingsType.swift */ = {isa = PBXFileReference; lastKnownFileType = sourcecode.swift; path = SettingsType.swift; sourceTree = "<group>"; };
		DD8543EB27219D4A004D38F0 /* Bdc.app */ = {isa = PBXFileReference; explicitFileType = wrapper.application; includeInIndex = 0; path = Bdc.app; sourceTree = BUILT_PRODUCTS_DIR; };
		DD8543EE27219D4A004D38F0 /* AppDelegate.swift */ = {isa = PBXFileReference; lastKnownFileType = sourcecode.swift; path = AppDelegate.swift; sourceTree = "<group>"; };
		DD8543F027219D4A004D38F0 /* SceneDelegate.swift */ = {isa = PBXFileReference; lastKnownFileType = sourcecode.swift; path = SceneDelegate.swift; sourceTree = "<group>"; };
		DD8543F227219D4A004D38F0 /* CalendarViewController.swift */ = {isa = PBXFileReference; lastKnownFileType = sourcecode.swift; path = CalendarViewController.swift; sourceTree = "<group>"; };
		DD8543F527219D4A004D38F0 /* Base */ = {isa = PBXFileReference; lastKnownFileType = file.storyboard; name = Base; path = Base.lproj/Main.storyboard; sourceTree = "<group>"; };
		DD8543FA27219D4C004D38F0 /* Assets.xcassets */ = {isa = PBXFileReference; lastKnownFileType = folder.assetcatalog; path = Assets.xcassets; sourceTree = "<group>"; };
		DD8543FD27219D4C004D38F0 /* Base */ = {isa = PBXFileReference; lastKnownFileType = file.storyboard; name = Base; path = Base.lproj/LaunchScreen.storyboard; sourceTree = "<group>"; };
		DD8543FF27219D4C004D38F0 /* Info.plist */ = {isa = PBXFileReference; lastKnownFileType = text.plist.xml; path = Info.plist; sourceTree = "<group>"; };
		DD85440427219D4D004D38F0 /* BdcTests.xctest */ = {isa = PBXFileReference; explicitFileType = wrapper.cfbundle; includeInIndex = 0; path = BdcTests.xctest; sourceTree = BUILT_PRODUCTS_DIR; };
		DD85440827219D4D004D38F0 /* BdcTests.swift */ = {isa = PBXFileReference; lastKnownFileType = sourcecode.swift; path = BdcTests.swift; sourceTree = "<group>"; };
		DD85440E27219D4D004D38F0 /* BdcUITests.xctest */ = {isa = PBXFileReference; explicitFileType = wrapper.cfbundle; includeInIndex = 0; path = BdcUITests.xctest; sourceTree = BUILT_PRODUCTS_DIR; };
		DD85441227219D4D004D38F0 /* BdcUITests.swift */ = {isa = PBXFileReference; lastKnownFileType = sourcecode.swift; path = BdcUITests.swift; sourceTree = "<group>"; };
		DD85441427219D4D004D38F0 /* BdcUITestsLaunchTests.swift */ = {isa = PBXFileReference; lastKnownFileType = sourcecode.swift; path = BdcUITestsLaunchTests.swift; sourceTree = "<group>"; };
		DDB2925F2721A8D400D96E67 /* RankingSectionHeaderView.xib */ = {isa = PBXFileReference; lastKnownFileType = file.xib; path = RankingSectionHeaderView.xib; sourceTree = "<group>"; };
		DDB292612721A90500D96E67 /* RankingSectionHeaderView.swift */ = {isa = PBXFileReference; lastKnownFileType = sourcecode.swift; path = RankingSectionHeaderView.swift; sourceTree = "<group>"; };
		DDC1E5CC2752966E00C2BF2C /* Attendance+CoreDataProperties.swift */ = {isa = PBXFileReference; lastKnownFileType = sourcecode.swift; name = "Attendance+CoreDataProperties.swift"; path = "/Users/leobartowski/Documents/My xCode Projects/Bdc/Bdc/CoreData/Class/Attendance+CoreDataProperties.swift"; sourceTree = "<absolute>"; };
		DDC1E5CD2752966E00C2BF2C /* Person+CoreDataProperties.swift */ = {isa = PBXFileReference; lastKnownFileType = sourcecode.swift; name = "Person+CoreDataProperties.swift"; path = "/Users/leobartowski/Documents/My xCode Projects/Bdc/Bdc/CoreData/Class/Person+CoreDataProperties.swift"; sourceTree = "<absolute>"; };
		DDC337A32724065A0028E49B /* RankingViewController.swift */ = {isa = PBXFileReference; lastKnownFileType = sourcecode.swift; path = RankingViewController.swift; sourceTree = "<group>"; };
		DDC337A527240CAE0028E49B /* Date - Ext.swift */ = {isa = PBXFileReference; lastKnownFileType = sourcecode.swift; path = "Date - Ext.swift"; sourceTree = "<group>"; };
		DDC51A4E27564191004A836B /* SortingPositionAndType.swift */ = {isa = PBXFileReference; lastKnownFileType = sourcecode.swift; path = SortingPositionAndType.swift; sourceTree = "<group>"; };
		DDC9EB68275031CD00653138 /* PersonsList+CoreDataClass.swift */ = {isa = PBXFileReference; lastKnownFileType = sourcecode.swift; name = "PersonsList+CoreDataClass.swift"; path = "/Users/leobartowski/Documents/My xCode Projects/Bdc/Bdc/CoreData/Class/PersonsList+CoreDataClass.swift"; sourceTree = "<absolute>"; };
		DDC9EB69275031CD00653138 /* PersonsList+CoreDataProperties.swift */ = {isa = PBXFileReference; lastKnownFileType = sourcecode.swift; name = "PersonsList+CoreDataProperties.swift"; path = "/Users/leobartowski/Documents/My xCode Projects/Bdc/Bdc/CoreData/Class/PersonsList+CoreDataProperties.swift"; sourceTree = "<absolute>"; };
		DDCBBDB3274D44B4002B60DA /* MySegmentedControl.swift */ = {isa = PBXFileReference; lastKnownFileType = sourcecode.swift; path = MySegmentedControl.swift; sourceTree = "<group>"; };
		DDCBBDB5274D5288002B60DA /* RankingTableViewCell.swift */ = {isa = PBXFileReference; lastKnownFileType = sourcecode.swift; path = RankingTableViewCell.swift; sourceTree = "<group>"; };
		DDD5051C27220FB000508F60 /* Bdc.xcdatamodel */ = {isa = PBXFileReference; lastKnownFileType = wrapper.xcdatamodel; path = Bdc.xcdatamodel; sourceTree = "<group>"; };
		DDE3B1712722CD4200BFEFF0 /* Formatter - Ext.swift */ = {isa = PBXFileReference; lastKnownFileType = sourcecode.swift; path = "Formatter - Ext.swift"; sourceTree = "<group>"; };
		DDE3B1742722D3C200BFEFF0 /* PersonListUtility.swift */ = {isa = PBXFileReference; lastKnownFileType = sourcecode.swift; path = PersonListUtility.swift; sourceTree = "<group>"; };
		DDF1DE4C272C50CE006B7DFD /* Theme.swift */ = {isa = PBXFileReference; lastKnownFileType = sourcecode.swift; path = Theme.swift; sourceTree = "<group>"; };
		DDF9B58227786BC400E2FEE2 /* SettingsArrowTableViewCell.swift */ = {isa = PBXFileReference; lastKnownFileType = sourcecode.swift; path = SettingsArrowTableViewCell.swift; sourceTree = "<group>"; };
		E9119FA55433DC0831BDC2B0 /* Pods_Bdc_BdcUITests.framework */ = {isa = PBXFileReference; explicitFileType = wrapper.framework; includeInIndex = 0; path = Pods_Bdc_BdcUITests.framework; sourceTree = BUILT_PRODUCTS_DIR; };
/* End PBXFileReference section */

/* Begin PBXFrameworksBuildPhase section */
		DD8543E827219D4A004D38F0 /* Frameworks */ = {
			isa = PBXFrameworksBuildPhase;
			buildActionMask = 2147483647;
			files = (
				CFDB48D8A7E962B77C7B952B /* Pods_Bdc.framework in Frameworks */,
			);
			runOnlyForDeploymentPostprocessing = 0;
		};
		DD85440127219D4D004D38F0 /* Frameworks */ = {
			isa = PBXFrameworksBuildPhase;
			buildActionMask = 2147483647;
			files = (
				54B938B869BE45021DEB0B10 /* Pods_BdcTests.framework in Frameworks */,
			);
			runOnlyForDeploymentPostprocessing = 0;
		};
		DD85440B27219D4D004D38F0 /* Frameworks */ = {
			isa = PBXFrameworksBuildPhase;
			buildActionMask = 2147483647;
			files = (
				CADC2548265E9B1D06ECF247 /* Pods_Bdc_BdcUITests.framework in Frameworks */,
			);
			runOnlyForDeploymentPostprocessing = 0;
		};
/* End PBXFrameworksBuildPhase section */

/* Begin PBXGroup section */
		49A7EE23B1DBA698B5539C0D /* Pods */ = {
			isa = PBXGroup;
			children = (
				7B1B729BA1A3ABB32348512A /* Pods-Bdc.debug.xcconfig */,
				2FA8570DFB0F386206E4ED2C /* Pods-Bdc.release.xcconfig */,
				3FD84AADC577221ADB6B5DC5 /* Pods-Bdc-BdcUITests.debug.xcconfig */,
				73BB565C462E06257FB6EA45 /* Pods-Bdc-BdcUITests.release.xcconfig */,
				41D20BE80F3CCFC127AD3370 /* Pods-BdcTests.debug.xcconfig */,
				9BFA4AC8C666FA34A5B36127 /* Pods-BdcTests.release.xcconfig */,
			);
			path = Pods;
			sourceTree = "<group>";
		};
		DD0CAB512728107500EA42B1 /* Model */ = {
			isa = PBXGroup;
			children = (
				DD0CAB522728108600EA42B1 /* DayType.swift */,
				DDC51A4E27564191004A836B /* SortingPositionAndType.swift */,
				DD27CAB0277368810020BE4D /* RankingType.swift */,
				DD84831027778D1500E7F179 /* SettingsType.swift */,
			);
			path = Model;
			sourceTree = "<group>";
		};
		DD18C7F3272207050086BB6C /* Controller */ = {
			isa = PBXGroup;
			children = (
				DD84830827772AE700E7F179 /* Settings */,
				DD5542DE2724563C000D9F48 /* CalendarViewController */,
				DD5542E327245875000D9F48 /* RankingViewController */,
			);
			path = Controller;
			sourceTree = "<group>";
		};
		DD18C7F4272207270086BB6C /* Storyboard */ = {
			isa = PBXGroup;
			children = (
				DD8543F427219D4A004D38F0 /* Main.storyboard */,
				DD717D53277244D70003CB16 /* BottomSheet.storyboard */,
			);
			path = Storyboard;
			sourceTree = "<group>";
		};
		DD18C7F5272208920086BB6C /* Xib */ = {
			isa = PBXGroup;
			children = (
				DD18C7F7272208B00086BB6C /* Class */,
				DD18C7F6272208A50086BB6C /* View */,
				DDB2925F2721A8D400D96E67 /* RankingSectionHeaderView.xib */,
			);
			path = Xib;
			sourceTree = "<group>";
		};
		DD18C7F6272208A50086BB6C /* View */ = {
			isa = PBXGroup;
			children = (
			);
			path = View;
			sourceTree = "<group>";
		};
		DD18C7F7272208B00086BB6C /* Class */ = {
			isa = PBXGroup;
			children = (
				DDB292612721A90500D96E67 /* RankingSectionHeaderView.swift */,
			);
			name = Class;
			sourceTree = "<group>";
		};
		DD18C80427220D0F0086BB6C /* CoreData */ = {
			isa = PBXGroup;
			children = (
				DDD5051B27220FB000508F60 /* Bdc.xcdatamodeld */,
				DDD5051227220E2A00508F60 /* Service */,
				DDD5051127220E0300508F60 /* Class */,
			);
			path = CoreData;
			sourceTree = "<group>";
		};
		DD55204327256283006DB40C /* Cells */ = {
			isa = PBXGroup;
			children = (
				DD84830B27772F8100E7F179 /* SettingsViewController */,
				DDFE30C32754431F0025BA19 /* CalendarVC */,
				DDFE30C2275443140025BA19 /* RankingViewController */,
			);
			path = Cells;
			sourceTree = "<group>";
		};
		DD5542DE2724563C000D9F48 /* CalendarViewController */ = {
			isa = PBXGroup;
			children = (
				DD8543F227219D4A004D38F0 /* CalendarViewController.swift */,
				DD5542DF27245656000D9F48 /* CalendarViewController + FSCalendar.swift */,
				DD03AC18274811B8004C4819 /* CalendarViewController + CollectionView.swift */,
			);
			path = CalendarViewController;
			sourceTree = "<group>";
		};
		DD5542E327245875000D9F48 /* RankingViewController */ = {
			isa = PBXGroup;
			children = (
				DD717D5727724AC90003CB16 /* RankingVC */,
				DD717D502772413D0003CB16 /* RankingTypeController */,
			);
			path = RankingViewController;
			sourceTree = "<group>";
		};
		DD709C822773610300D20C6A /* RankingVC */ = {
			isa = PBXGroup;
			children = (
			);
			path = RankingVC;
			sourceTree = "<group>";
		};
		DD709C832773610C00D20C6A /* RankingTypeVC */ = {
			isa = PBXGroup;
			children = (
				DD709C842773612C00D20C6A /* RankingTypeTableViewCell.swift */,
			);
			path = RankingTypeVC;
			sourceTree = "<group>";
		};
		DD717D502772413D0003CB16 /* RankingTypeController */ = {
			isa = PBXGroup;
			children = (
				DD717D512772428C0003CB16 /* RankingTypeViewController.swift */,
			);
			path = RankingTypeController;
			sourceTree = "<group>";
		};
		DD717D5727724AC90003CB16 /* RankingVC */ = {
			isa = PBXGroup;
			children = (
				DDC337A32724065A0028E49B /* RankingViewController.swift */,
				DD41742F27246BA500BE5BFD /* RankingViewController + FSCalendar.swift */,
				DD413378274FC94C0038B4C6 /* RankingViewController + TableView.swift */,
				DD7B258427567B0600E663AC /* RankingViewController + PDF.swift */,
				DD717D4E2772411C0003CB16 /* RankingViewController + HandleType.swift */,
				DD368F4F2774BECD000F0A84 /* RankingViewController+DatePicker.swift */,
			);
			path = RankingVC;
			sourceTree = "<group>";
		};
		DD7B258127567A9500E663AC /* PDFCreator */ = {
			isa = PBXGroup;
			children = (
				DD7B258227567AA100E663AC /* PDFCreator.swift */,
				DD7B2586275680BD00E663AC /* PDFTableDataItem.swift */,
			);
			path = PDFCreator;
			sourceTree = "<group>";
		};
		DD8483052774DD4A00E7F179 /* Custom Component */ = {
			isa = PBXGroup;
			children = (
				DDCBBDB3274D44B4002B60DA /* MySegmentedControl.swift */,
				DD717D55277249B90003CB16 /* CheckBox.swift */,
				DD368F4D2774BE4F000F0A84 /* MonthYearPickerView.swift */,
				DD368F512774D415000F0A84 /* YearPickerView.swift */,
			);
			path = "Custom Component";
			sourceTree = "<group>";
		};
		DD84830827772AE700E7F179 /* Settings */ = {
			isa = PBXGroup;
			children = (
				DD84830927772AFA00E7F179 /* SettingsViewController.swift */,
			);
			path = Settings;
			sourceTree = "<group>";
		};
		DD84830B27772F8100E7F179 /* SettingsViewController */ = {
			isa = PBXGroup;
			children = (
				DD84830C27772FC200E7F179 /* SettingsSwitchTableViewCell.swift */,
				DDF9B58227786BC400E2FEE2 /* SettingsArrowTableViewCell.swift */,
			);
			path = SettingsViewController;
			sourceTree = "<group>";
		};
		DD8543E227219D4A004D38F0 = {
			isa = PBXGroup;
			children = (
				DD8543ED27219D4A004D38F0 /* Bdc */,
				DD85440727219D4D004D38F0 /* BdcTests */,
				DD85441127219D4D004D38F0 /* BdcUITests */,
				DD8543EC27219D4A004D38F0 /* Products */,
				49A7EE23B1DBA698B5539C0D /* Pods */,
				F29ADA14CAED47AAAD651460 /* Frameworks */,
			);
			sourceTree = "<group>";
		};
		DD8543EC27219D4A004D38F0 /* Products */ = {
			isa = PBXGroup;
			children = (
				DD8543EB27219D4A004D38F0 /* Bdc.app */,
				DD85440427219D4D004D38F0 /* BdcTests.xctest */,
				DD85440E27219D4D004D38F0 /* BdcUITests.xctest */,
			);
			name = Products;
			sourceTree = "<group>";
		};
		DD8543ED27219D4A004D38F0 /* Bdc */ = {
			isa = PBXGroup;
			children = (
				DD8543EE27219D4A004D38F0 /* AppDelegate.swift */,
				DD0CAB512728107500EA42B1 /* Model */,
				DD55204327256283006DB40C /* Cells */,
				DD8483052774DD4A00E7F179 /* Custom Component */,
				DDE3B1702722CD3400BFEFF0 /* Ext */,
				DD18C7F5272208920086BB6C /* Xib */,
				DD18C7F4272207270086BB6C /* Storyboard */,
				DD18C7F3272207050086BB6C /* Controller */,
				DD18C80427220D0F0086BB6C /* CoreData */,
				DDE3B1732722D3B000BFEFF0 /* Utility */,
				DD8543FA27219D4C004D38F0 /* Assets.xcassets */,
				DD8543FC27219D4C004D38F0 /* LaunchScreen.storyboard */,
				DD8543FF27219D4C004D38F0 /* Info.plist */,
				DD8543F027219D4A004D38F0 /* SceneDelegate.swift */,
			);
			path = Bdc;
			sourceTree = "<group>";
		};
		DD85440727219D4D004D38F0 /* BdcTests */ = {
			isa = PBXGroup;
			children = (
				DD85440827219D4D004D38F0 /* BdcTests.swift */,
			);
			path = BdcTests;
			sourceTree = "<group>";
		};
		DD85441127219D4D004D38F0 /* BdcUITests */ = {
			isa = PBXGroup;
			children = (
				DD85441227219D4D004D38F0 /* BdcUITests.swift */,
				DD85441427219D4D004D38F0 /* BdcUITestsLaunchTests.swift */,
			);
			path = BdcUITests;
			sourceTree = "<group>";
		};
		DDD5051127220E0300508F60 /* Class */ = {
			isa = PBXGroup;
			children = (
				DDC9EB68275031CD00653138 /* PersonsList+CoreDataClass.swift */,
				DDC1E5CD2752966E00C2BF2C /* Person+CoreDataProperties.swift */,
				DDC1E5CC2752966E00C2BF2C /* Attendance+CoreDataProperties.swift */,
				DDC9EB69275031CD00653138 /* PersonsList+CoreDataProperties.swift */,
				DD0CAB4F27280FB200EA42B1 /* Attendance+CoreDataProperties.swift */,
				DD64968327221A40009E455F /* Attendance+CoreDataClass.swift */,
				DD64968227221A40009E455F /* Person+CoreDataClass.swift */,
				DD64968127221A40009E455F /* Person+CoreDataProperties.swift */,
			);
			path = Class;
			sourceTree = "<group>";
		};
		DDD5051227220E2A00508F60 /* Service */ = {
			isa = PBXGroup;
			children = (
				DD18C7F827220B0A0086BB6C /* CoreDataService.swift */,
				DD18C7FA27220B890086BB6C /* CoreDateContainer.swift */,
			);
			path = Service;
			sourceTree = "<group>";
		};
		DDE3B1702722CD3400BFEFF0 /* Ext */ = {
			isa = PBXGroup;
			children = (
				DDE3B1712722CD4200BFEFF0 /* Formatter - Ext.swift */,
				DDC337A527240CAE0028E49B /* Date - Ext.swift */,
				DD0CAB542729493F00EA42B1 /* UIViewController + Ext.swift */,
				DD1A1C64274908AB006FC676 /* UIView - Ext.swift */,
				DD7B2588275680DE00E663AC /* Array + Ext.swift */,
			);
			path = Ext;
			sourceTree = "<group>";
		};
		DDE3B1732722D3B000BFEFF0 /* Utility */ = {
			isa = PBXGroup;
			children = (
				DD7B258127567A9500E663AC /* PDFCreator */,
				DDE3B1742722D3C200BFEFF0 /* PersonListUtility.swift */,
				DD1EAF392726DDD100EF1455 /* CommonUtility.swift */,
				DDF1DE4C272C50CE006B7DFD /* Theme.swift */,
				DD8483062774DE9E00E7F179 /* Constant.swift */,
				DD84830E277786D500E7F179 /* NotificationName.swift */,
			);
			path = Utility;
			sourceTree = "<group>";
		};
		DDFE30C2275443140025BA19 /* RankingViewController */ = {
			isa = PBXGroup;
			children = (
				DD709C832773610C00D20C6A /* RankingTypeVC */,
				DD709C822773610300D20C6A /* RankingVC */,
				DDCBBDB5274D5288002B60DA /* RankingTableViewCell.swift */,
				DD617CEC2753C3AE002AD5E7 /* RankingTableViewCell + CollectionView.swift */,
				DD617CEA2753C2F9002AD5E7 /* RankingSingleDayCollectionViewCell.swift */,
				DD60B5542753C72600D776CC /* RankingDayHeaderCollectionReusableView.swift */,
			);
			path = RankingViewController;
			sourceTree = "<group>";
		};
		DDFE30C32754431F0025BA19 /* CalendarVC */ = {
			isa = PBXGroup;
			children = (
				DD03AC1627481092004C4819 /* CalendarCollectionViewCell.swift */,
				DD03AC1A27481CBB004C4819 /* CalendarHeaderCollectionReusableView.swift */,
			);
			path = CalendarVC;
			sourceTree = "<group>";
		};
		F29ADA14CAED47AAAD651460 /* Frameworks */ = {
			isa = PBXGroup;
			children = (
				3652EAF5B75E35B222818918 /* Pods_Bdc.framework */,
				E9119FA55433DC0831BDC2B0 /* Pods_Bdc_BdcUITests.framework */,
				860C8EC55C5FE510EA8FC2AA /* Pods_BdcTests.framework */,
			);
			name = Frameworks;
			sourceTree = "<group>";
		};
/* End PBXGroup section */

/* Begin PBXNativeTarget section */
		DD8543EA27219D4A004D38F0 /* Bdc */ = {
			isa = PBXNativeTarget;
			buildConfigurationList = DD85441827219D4D004D38F0 /* Build configuration list for PBXNativeTarget "Bdc" */;
			buildPhases = (
				0BCCA3DF3B8BFBDE76CB058F /* [CP] Check Pods Manifest.lock */,
				DD8543E727219D4A004D38F0 /* Sources */,
				DD8543E827219D4A004D38F0 /* Frameworks */,
				DD8543E927219D4A004D38F0 /* Resources */,
				A89542EC8CAF841A9B5FD905 /* [CP] Embed Pods Frameworks */,
			);
			buildRules = (
			);
			dependencies = (
			);
			name = Bdc;
			productName = Bdc;
			productReference = DD8543EB27219D4A004D38F0 /* Bdc.app */;
			productType = "com.apple.product-type.application";
		};
		DD85440327219D4D004D38F0 /* BdcTests */ = {
			isa = PBXNativeTarget;
			buildConfigurationList = DD85441B27219D4D004D38F0 /* Build configuration list for PBXNativeTarget "BdcTests" */;
			buildPhases = (
				30DD95E44005D9CD6A45A36D /* [CP] Check Pods Manifest.lock */,
				DD85440027219D4D004D38F0 /* Sources */,
				DD85440127219D4D004D38F0 /* Frameworks */,
				DD85440227219D4D004D38F0 /* Resources */,
			);
			buildRules = (
			);
			dependencies = (
				DD85440627219D4D004D38F0 /* PBXTargetDependency */,
			);
			name = BdcTests;
			productName = BdcTests;
			productReference = DD85440427219D4D004D38F0 /* BdcTests.xctest */;
			productType = "com.apple.product-type.bundle.unit-test";
		};
		DD85440D27219D4D004D38F0 /* BdcUITests */ = {
			isa = PBXNativeTarget;
			buildConfigurationList = DD85441E27219D4D004D38F0 /* Build configuration list for PBXNativeTarget "BdcUITests" */;
			buildPhases = (
				DCEA5F915E8E3F72F356D757 /* [CP] Check Pods Manifest.lock */,
				DD85440A27219D4D004D38F0 /* Sources */,
				DD85440B27219D4D004D38F0 /* Frameworks */,
				DD85440C27219D4D004D38F0 /* Resources */,
				B8D17B52D166A8F89ED20A88 /* [CP] Embed Pods Frameworks */,
			);
			buildRules = (
			);
			dependencies = (
				DD85441027219D4D004D38F0 /* PBXTargetDependency */,
			);
			name = BdcUITests;
			productName = BdcUITests;
			productReference = DD85440E27219D4D004D38F0 /* BdcUITests.xctest */;
			productType = "com.apple.product-type.bundle.ui-testing";
		};
/* End PBXNativeTarget section */

/* Begin PBXProject section */
		DD8543E327219D4A004D38F0 /* Project object */ = {
			isa = PBXProject;
			attributes = {
				BuildIndependentTargetsInParallel = 1;
				LastSwiftUpdateCheck = 1300;
				LastUpgradeCheck = 1320;
				TargetAttributes = {
					DD8543EA27219D4A004D38F0 = {
						CreatedOnToolsVersion = 13.0;
					};
					DD85440327219D4D004D38F0 = {
						CreatedOnToolsVersion = 13.0;
						TestTargetID = DD8543EA27219D4A004D38F0;
					};
					DD85440D27219D4D004D38F0 = {
						CreatedOnToolsVersion = 13.0;
						TestTargetID = DD8543EA27219D4A004D38F0;
					};
				};
			};
			buildConfigurationList = DD8543E627219D4A004D38F0 /* Build configuration list for PBXProject "Bdc" */;
			compatibilityVersion = "Xcode 13.0";
			developmentRegion = en;
			hasScannedForEncodings = 0;
			knownRegions = (
				en,
				Base,
			);
			mainGroup = DD8543E227219D4A004D38F0;
			productRefGroup = DD8543EC27219D4A004D38F0 /* Products */;
			projectDirPath = "";
			projectRoot = "";
			targets = (
				DD8543EA27219D4A004D38F0 /* Bdc */,
				DD85440327219D4D004D38F0 /* BdcTests */,
				DD85440D27219D4D004D38F0 /* BdcUITests */,
			);
		};
/* End PBXProject section */

/* Begin PBXResourcesBuildPhase section */
		DD8543E927219D4A004D38F0 /* Resources */ = {
			isa = PBXResourcesBuildPhase;
			buildActionMask = 2147483647;
			files = (
				DDB292602721A8D400D96E67 /* RankingSectionHeaderView.xib in Resources */,
				DD8543FE27219D4C004D38F0 /* LaunchScreen.storyboard in Resources */,
				DD717D54277244D70003CB16 /* BottomSheet.storyboard in Resources */,
				DD8543FB27219D4C004D38F0 /* Assets.xcassets in Resources */,
				DD8543F627219D4A004D38F0 /* Main.storyboard in Resources */,
			);
			runOnlyForDeploymentPostprocessing = 0;
		};
		DD85440227219D4D004D38F0 /* Resources */ = {
			isa = PBXResourcesBuildPhase;
			buildActionMask = 2147483647;
			files = (
			);
			runOnlyForDeploymentPostprocessing = 0;
		};
		DD85440C27219D4D004D38F0 /* Resources */ = {
			isa = PBXResourcesBuildPhase;
			buildActionMask = 2147483647;
			files = (
			);
			runOnlyForDeploymentPostprocessing = 0;
		};
/* End PBXResourcesBuildPhase section */

/* Begin PBXShellScriptBuildPhase section */
		0BCCA3DF3B8BFBDE76CB058F /* [CP] Check Pods Manifest.lock */ = {
			isa = PBXShellScriptBuildPhase;
			buildActionMask = 2147483647;
			files = (
			);
			inputFileListPaths = (
			);
			inputPaths = (
				"${PODS_PODFILE_DIR_PATH}/Podfile.lock",
				"${PODS_ROOT}/Manifest.lock",
			);
			name = "[CP] Check Pods Manifest.lock";
			outputFileListPaths = (
			);
			outputPaths = (
				"$(DERIVED_FILE_DIR)/Pods-Bdc-checkManifestLockResult.txt",
			);
			runOnlyForDeploymentPostprocessing = 0;
			shellPath = /bin/sh;
			shellScript = "diff \"${PODS_PODFILE_DIR_PATH}/Podfile.lock\" \"${PODS_ROOT}/Manifest.lock\" > /dev/null\nif [ $? != 0 ] ; then\n    # print error to STDERR\n    echo \"error: The sandbox is not in sync with the Podfile.lock. Run 'pod install' or update your CocoaPods installation.\" >&2\n    exit 1\nfi\n# This output is used by Xcode 'outputs' to avoid re-running this script phase.\necho \"SUCCESS\" > \"${SCRIPT_OUTPUT_FILE_0}\"\n";
			showEnvVarsInLog = 0;
		};
		30DD95E44005D9CD6A45A36D /* [CP] Check Pods Manifest.lock */ = {
			isa = PBXShellScriptBuildPhase;
			buildActionMask = 2147483647;
			files = (
			);
			inputFileListPaths = (
			);
			inputPaths = (
				"${PODS_PODFILE_DIR_PATH}/Podfile.lock",
				"${PODS_ROOT}/Manifest.lock",
			);
			name = "[CP] Check Pods Manifest.lock";
			outputFileListPaths = (
			);
			outputPaths = (
				"$(DERIVED_FILE_DIR)/Pods-BdcTests-checkManifestLockResult.txt",
			);
			runOnlyForDeploymentPostprocessing = 0;
			shellPath = /bin/sh;
			shellScript = "diff \"${PODS_PODFILE_DIR_PATH}/Podfile.lock\" \"${PODS_ROOT}/Manifest.lock\" > /dev/null\nif [ $? != 0 ] ; then\n    # print error to STDERR\n    echo \"error: The sandbox is not in sync with the Podfile.lock. Run 'pod install' or update your CocoaPods installation.\" >&2\n    exit 1\nfi\n# This output is used by Xcode 'outputs' to avoid re-running this script phase.\necho \"SUCCESS\" > \"${SCRIPT_OUTPUT_FILE_0}\"\n";
			showEnvVarsInLog = 0;
		};
		A89542EC8CAF841A9B5FD905 /* [CP] Embed Pods Frameworks */ = {
			isa = PBXShellScriptBuildPhase;
			buildActionMask = 2147483647;
			files = (
			);
			inputFileListPaths = (
				"${PODS_ROOT}/Target Support Files/Pods-Bdc/Pods-Bdc-frameworks-${CONFIGURATION}-input-files.xcfilelist",
			);
			name = "[CP] Embed Pods Frameworks";
			outputFileListPaths = (
				"${PODS_ROOT}/Target Support Files/Pods-Bdc/Pods-Bdc-frameworks-${CONFIGURATION}-output-files.xcfilelist",
			);
			runOnlyForDeploymentPostprocessing = 0;
			shellPath = /bin/sh;
			shellScript = "\"${PODS_ROOT}/Target Support Files/Pods-Bdc/Pods-Bdc-frameworks.sh\"\n";
			showEnvVarsInLog = 0;
		};
		B8D17B52D166A8F89ED20A88 /* [CP] Embed Pods Frameworks */ = {
			isa = PBXShellScriptBuildPhase;
			buildActionMask = 2147483647;
			files = (
			);
			inputFileListPaths = (
				"${PODS_ROOT}/Target Support Files/Pods-Bdc-BdcUITests/Pods-Bdc-BdcUITests-frameworks-${CONFIGURATION}-input-files.xcfilelist",
			);
			name = "[CP] Embed Pods Frameworks";
			outputFileListPaths = (
				"${PODS_ROOT}/Target Support Files/Pods-Bdc-BdcUITests/Pods-Bdc-BdcUITests-frameworks-${CONFIGURATION}-output-files.xcfilelist",
			);
			runOnlyForDeploymentPostprocessing = 0;
			shellPath = /bin/sh;
			shellScript = "\"${PODS_ROOT}/Target Support Files/Pods-Bdc-BdcUITests/Pods-Bdc-BdcUITests-frameworks.sh\"\n";
			showEnvVarsInLog = 0;
		};
		DCEA5F915E8E3F72F356D757 /* [CP] Check Pods Manifest.lock */ = {
			isa = PBXShellScriptBuildPhase;
			buildActionMask = 2147483647;
			files = (
			);
			inputFileListPaths = (
			);
			inputPaths = (
				"${PODS_PODFILE_DIR_PATH}/Podfile.lock",
				"${PODS_ROOT}/Manifest.lock",
			);
			name = "[CP] Check Pods Manifest.lock";
			outputFileListPaths = (
			);
			outputPaths = (
				"$(DERIVED_FILE_DIR)/Pods-Bdc-BdcUITests-checkManifestLockResult.txt",
			);
			runOnlyForDeploymentPostprocessing = 0;
			shellPath = /bin/sh;
			shellScript = "diff \"${PODS_PODFILE_DIR_PATH}/Podfile.lock\" \"${PODS_ROOT}/Manifest.lock\" > /dev/null\nif [ $? != 0 ] ; then\n    # print error to STDERR\n    echo \"error: The sandbox is not in sync with the Podfile.lock. Run 'pod install' or update your CocoaPods installation.\" >&2\n    exit 1\nfi\n# This output is used by Xcode 'outputs' to avoid re-running this script phase.\necho \"SUCCESS\" > \"${SCRIPT_OUTPUT_FILE_0}\"\n";
			showEnvVarsInLog = 0;
		};
/* End PBXShellScriptBuildPhase section */

/* Begin PBXSourcesBuildPhase section */
		DD8543E727219D4A004D38F0 /* Sources */ = {
			isa = PBXSourcesBuildPhase;
			buildActionMask = 2147483647;
			files = (
				DD64968727221A40009E455F /* Attendance+CoreDataClass.swift in Sources */,
				DD18C7FB27220B890086BB6C /* CoreDateContainer.swift in Sources */,
				DD8483072774DE9E00E7F179 /* Constant.swift in Sources */,
				DDCBBDB6274D5288002B60DA /* RankingTableViewCell.swift in Sources */,
				DD03AC1727481092004C4819 /* CalendarCollectionViewCell.swift in Sources */,
				DD64968627221A40009E455F /* Person+CoreDataClass.swift in Sources */,
				DD64968527221A40009E455F /* Person+CoreDataProperties.swift in Sources */,
				DDC1E5CE2752966E00C2BF2C /* Attendance+CoreDataProperties.swift in Sources */,
				DDC9EB6A275031CD00653138 /* PersonsList+CoreDataClass.swift in Sources */,
				DDC337A42724065A0028E49B /* RankingViewController.swift in Sources */,
				DD8543F327219D4A004D38F0 /* CalendarViewController.swift in Sources */,
				DD7B258327567AA100E663AC /* PDFCreator.swift in Sources */,
				DD5542E027245656000D9F48 /* CalendarViewController + FSCalendar.swift in Sources */,
				DD7B258527567B0600E663AC /* RankingViewController + PDF.swift in Sources */,
				DDC337A627240CAE0028E49B /* Date - Ext.swift in Sources */,
				DD03AC19274811B8004C4819 /* CalendarViewController + CollectionView.swift in Sources */,
				DD0CAB532728108600EA42B1 /* DayType.swift in Sources */,
				DD709C852773612C00D20C6A /* RankingTypeTableViewCell.swift in Sources */,
				DD27CAB1277368810020BE4D /* RankingType.swift in Sources */,
				DD03AC1B27481CBB004C4819 /* CalendarHeaderCollectionReusableView.swift in Sources */,
				DD60B5552753C72600D776CC /* RankingDayHeaderCollectionReusableView.swift in Sources */,
				DD617CEB2753C2F9002AD5E7 /* RankingSingleDayCollectionViewCell.swift in Sources */,
				DDE3B1722722CD4200BFEFF0 /* Formatter - Ext.swift in Sources */,
				DD84830F277786D600E7F179 /* NotificationName.swift in Sources */,
				DD84830A27772AFA00E7F179 /* SettingsViewController.swift in Sources */,
				DDE3B1752722D3C200BFEFF0 /* PersonListUtility.swift in Sources */,
				DDD5051D27220FB000508F60 /* Bdc.xcdatamodeld in Sources */,
				DD617CED2753C3AE002AD5E7 /* RankingTableViewCell + CollectionView.swift in Sources */,
				DDC51A4F27564191004A836B /* SortingPositionAndType.swift in Sources */,
				DDB292622721A90500D96E67 /* RankingSectionHeaderView.swift in Sources */,
				DD0CAB552729493F00EA42B1 /* UIViewController + Ext.swift in Sources */,
				DDC9EB6B275031CD00653138 /* PersonsList+CoreDataProperties.swift in Sources */,
				DDF9B58327786BC400E2FEE2 /* SettingsArrowTableViewCell.swift in Sources */,
				DD368F522774D415000F0A84 /* YearPickerView.swift in Sources */,
				DD7B2587275680BD00E663AC /* PDFTableDataItem.swift in Sources */,
				DD1A1C65274908AB006FC676 /* UIView - Ext.swift in Sources */,
				DD717D522772428C0003CB16 /* RankingTypeViewController.swift in Sources */,
				DD717D56277249B90003CB16 /* CheckBox.swift in Sources */,
				DD1EAF3A2726DDD100EF1455 /* CommonUtility.swift in Sources */,
				DD41743027246BA500BE5BFD /* RankingViewController + FSCalendar.swift in Sources */,
				DDF1DE4D272C50CE006B7DFD /* Theme.swift in Sources */,
				DD717D4F2772411C0003CB16 /* RankingViewController + HandleType.swift in Sources */,
				DDCBBDB4274D44B4002B60DA /* MySegmentedControl.swift in Sources */,
				DD84831127778D1500E7F179 /* SettingsType.swift in Sources */,
				DD368F502774BECD000F0A84 /* RankingViewController+DatePicker.swift in Sources */,
				DD84830D27772FC200E7F179 /* SettingsSwitchTableViewCell.swift in Sources */,
				DD8543EF27219D4A004D38F0 /* AppDelegate.swift in Sources */,
				DD18C7F927220B0A0086BB6C /* CoreDataService.swift in Sources */,
				DD368F4E2774BE4F000F0A84 /* MonthYearPickerView.swift in Sources */,
				DD8543F127219D4A004D38F0 /* SceneDelegate.swift in Sources */,
				DD413379274FC94C0038B4C6 /* RankingViewController + TableView.swift in Sources */,
				DD7B2589275680DE00E663AC /* Array + Ext.swift in Sources */,
			);
			runOnlyForDeploymentPostprocessing = 0;
		};
		DD85440027219D4D004D38F0 /* Sources */ = {
			isa = PBXSourcesBuildPhase;
			buildActionMask = 2147483647;
			files = (
				DD85440927219D4D004D38F0 /* BdcTests.swift in Sources */,
			);
			runOnlyForDeploymentPostprocessing = 0;
		};
		DD85440A27219D4D004D38F0 /* Sources */ = {
			isa = PBXSourcesBuildPhase;
			buildActionMask = 2147483647;
			files = (
				DD85441527219D4D004D38F0 /* BdcUITestsLaunchTests.swift in Sources */,
				DD85441327219D4D004D38F0 /* BdcUITests.swift in Sources */,
			);
			runOnlyForDeploymentPostprocessing = 0;
		};
/* End PBXSourcesBuildPhase section */

/* Begin PBXTargetDependency section */
		DD85440627219D4D004D38F0 /* PBXTargetDependency */ = {
			isa = PBXTargetDependency;
			target = DD8543EA27219D4A004D38F0 /* Bdc */;
			targetProxy = DD85440527219D4D004D38F0 /* PBXContainerItemProxy */;
		};
		DD85441027219D4D004D38F0 /* PBXTargetDependency */ = {
			isa = PBXTargetDependency;
			target = DD8543EA27219D4A004D38F0 /* Bdc */;
			targetProxy = DD85440F27219D4D004D38F0 /* PBXContainerItemProxy */;
		};
/* End PBXTargetDependency section */

/* Begin PBXVariantGroup section */
		DD8543F427219D4A004D38F0 /* Main.storyboard */ = {
			isa = PBXVariantGroup;
			children = (
				DD8543F527219D4A004D38F0 /* Base */,
			);
			name = Main.storyboard;
			sourceTree = "<group>";
		};
		DD8543FC27219D4C004D38F0 /* LaunchScreen.storyboard */ = {
			isa = PBXVariantGroup;
			children = (
				DD8543FD27219D4C004D38F0 /* Base */,
			);
			name = LaunchScreen.storyboard;
			sourceTree = "<group>";
		};
/* End PBXVariantGroup section */

/* Begin XCBuildConfiguration section */
		DD85441627219D4D004D38F0 /* Debug */ = {
			isa = XCBuildConfiguration;
			buildSettings = {
				ALWAYS_SEARCH_USER_PATHS = NO;
				CLANG_ANALYZER_NONNULL = YES;
				CLANG_ANALYZER_NUMBER_OBJECT_CONVERSION = YES_AGGRESSIVE;
				CLANG_CXX_LANGUAGE_STANDARD = "gnu++17";
				CLANG_CXX_LIBRARY = "libc++";
				CLANG_ENABLE_MODULES = YES;
				CLANG_ENABLE_OBJC_ARC = YES;
				CLANG_ENABLE_OBJC_WEAK = YES;
				CLANG_WARN_BLOCK_CAPTURE_AUTORELEASING = YES;
				CLANG_WARN_BOOL_CONVERSION = YES;
				CLANG_WARN_COMMA = YES;
				CLANG_WARN_CONSTANT_CONVERSION = YES;
				CLANG_WARN_DEPRECATED_OBJC_IMPLEMENTATIONS = YES;
				CLANG_WARN_DIRECT_OBJC_ISA_USAGE = YES_ERROR;
				CLANG_WARN_DOCUMENTATION_COMMENTS = YES;
				CLANG_WARN_EMPTY_BODY = YES;
				CLANG_WARN_ENUM_CONVERSION = YES;
				CLANG_WARN_INFINITE_RECURSION = YES;
				CLANG_WARN_INT_CONVERSION = YES;
				CLANG_WARN_NON_LITERAL_NULL_CONVERSION = YES;
				CLANG_WARN_OBJC_IMPLICIT_RETAIN_SELF = YES;
				CLANG_WARN_OBJC_LITERAL_CONVERSION = YES;
				CLANG_WARN_OBJC_ROOT_CLASS = YES_ERROR;
				CLANG_WARN_QUOTED_INCLUDE_IN_FRAMEWORK_HEADER = YES;
				CLANG_WARN_RANGE_LOOP_ANALYSIS = YES;
				CLANG_WARN_STRICT_PROTOTYPES = YES;
				CLANG_WARN_SUSPICIOUS_MOVE = YES;
				CLANG_WARN_UNGUARDED_AVAILABILITY = YES_AGGRESSIVE;
				CLANG_WARN_UNREACHABLE_CODE = YES;
				CLANG_WARN__DUPLICATE_METHOD_MATCH = YES;
				COPY_PHASE_STRIP = NO;
				DEBUG_INFORMATION_FORMAT = dwarf;
				ENABLE_STRICT_OBJC_MSGSEND = YES;
				ENABLE_TESTABILITY = YES;
				GCC_C_LANGUAGE_STANDARD = gnu11;
				GCC_DYNAMIC_NO_PIC = NO;
				GCC_NO_COMMON_BLOCKS = YES;
				GCC_OPTIMIZATION_LEVEL = 0;
				GCC_PREPROCESSOR_DEFINITIONS = (
					"DEBUG=1",
					"$(inherited)",
				);
				GCC_WARN_64_TO_32_BIT_CONVERSION = YES;
				GCC_WARN_ABOUT_RETURN_TYPE = YES_ERROR;
				GCC_WARN_UNDECLARED_SELECTOR = YES;
				GCC_WARN_UNINITIALIZED_AUTOS = YES_AGGRESSIVE;
				GCC_WARN_UNUSED_FUNCTION = YES;
				GCC_WARN_UNUSED_VARIABLE = YES;
				IPHONEOS_DEPLOYMENT_TARGET = 15.0;
				MTL_ENABLE_DEBUG_INFO = INCLUDE_SOURCE;
				MTL_FAST_MATH = YES;
				ONLY_ACTIVE_ARCH = YES;
				SDKROOT = iphoneos;
				SWIFT_ACTIVE_COMPILATION_CONDITIONS = DEBUG;
				SWIFT_OPTIMIZATION_LEVEL = "-Onone";
			};
			name = Debug;
		};
		DD85441727219D4D004D38F0 /* Release */ = {
			isa = XCBuildConfiguration;
			buildSettings = {
				ALWAYS_SEARCH_USER_PATHS = NO;
				CLANG_ANALYZER_NONNULL = YES;
				CLANG_ANALYZER_NUMBER_OBJECT_CONVERSION = YES_AGGRESSIVE;
				CLANG_CXX_LANGUAGE_STANDARD = "gnu++17";
				CLANG_CXX_LIBRARY = "libc++";
				CLANG_ENABLE_MODULES = YES;
				CLANG_ENABLE_OBJC_ARC = YES;
				CLANG_ENABLE_OBJC_WEAK = YES;
				CLANG_WARN_BLOCK_CAPTURE_AUTORELEASING = YES;
				CLANG_WARN_BOOL_CONVERSION = YES;
				CLANG_WARN_COMMA = YES;
				CLANG_WARN_CONSTANT_CONVERSION = YES;
				CLANG_WARN_DEPRECATED_OBJC_IMPLEMENTATIONS = YES;
				CLANG_WARN_DIRECT_OBJC_ISA_USAGE = YES_ERROR;
				CLANG_WARN_DOCUMENTATION_COMMENTS = YES;
				CLANG_WARN_EMPTY_BODY = YES;
				CLANG_WARN_ENUM_CONVERSION = YES;
				CLANG_WARN_INFINITE_RECURSION = YES;
				CLANG_WARN_INT_CONVERSION = YES;
				CLANG_WARN_NON_LITERAL_NULL_CONVERSION = YES;
				CLANG_WARN_OBJC_IMPLICIT_RETAIN_SELF = YES;
				CLANG_WARN_OBJC_LITERAL_CONVERSION = YES;
				CLANG_WARN_OBJC_ROOT_CLASS = YES_ERROR;
				CLANG_WARN_QUOTED_INCLUDE_IN_FRAMEWORK_HEADER = YES;
				CLANG_WARN_RANGE_LOOP_ANALYSIS = YES;
				CLANG_WARN_STRICT_PROTOTYPES = YES;
				CLANG_WARN_SUSPICIOUS_MOVE = YES;
				CLANG_WARN_UNGUARDED_AVAILABILITY = YES_AGGRESSIVE;
				CLANG_WARN_UNREACHABLE_CODE = YES;
				CLANG_WARN__DUPLICATE_METHOD_MATCH = YES;
				COPY_PHASE_STRIP = NO;
				DEBUG_INFORMATION_FORMAT = "dwarf-with-dsym";
				ENABLE_NS_ASSERTIONS = NO;
				ENABLE_STRICT_OBJC_MSGSEND = YES;
				GCC_C_LANGUAGE_STANDARD = gnu11;
				GCC_NO_COMMON_BLOCKS = YES;
				GCC_WARN_64_TO_32_BIT_CONVERSION = YES;
				GCC_WARN_ABOUT_RETURN_TYPE = YES_ERROR;
				GCC_WARN_UNDECLARED_SELECTOR = YES;
				GCC_WARN_UNINITIALIZED_AUTOS = YES_AGGRESSIVE;
				GCC_WARN_UNUSED_FUNCTION = YES;
				GCC_WARN_UNUSED_VARIABLE = YES;
				IPHONEOS_DEPLOYMENT_TARGET = 15.0;
				MTL_ENABLE_DEBUG_INFO = NO;
				MTL_FAST_MATH = YES;
				SDKROOT = iphoneos;
				SWIFT_COMPILATION_MODE = wholemodule;
				SWIFT_OPTIMIZATION_LEVEL = "-O";
				VALIDATE_PRODUCT = YES;
			};
			name = Release;
		};
		DD85441927219D4D004D38F0 /* Debug */ = {
			isa = XCBuildConfiguration;
			baseConfigurationReference = 7B1B729BA1A3ABB32348512A /* Pods-Bdc.debug.xcconfig */;
			buildSettings = {
				ASSETCATALOG_COMPILER_APPICON_NAME = AppIcon;
				ASSETCATALOG_COMPILER_GLOBAL_ACCENT_COLOR_NAME = AccentColor;
				CODE_SIGN_STYLE = Automatic;
				CURRENT_PROJECT_VERSION = 1;
				DEVELOPMENT_TEAM = NL9F3R852A;
				GENERATE_INFOPLIST_FILE = YES;
				INFOPLIST_FILE = Bdc/Info.plist;
				INFOPLIST_KEY_UIApplicationSupportsIndirectInputEvents = YES;
				INFOPLIST_KEY_UILaunchStoryboardName = LaunchScreen;
				INFOPLIST_KEY_UIMainStoryboardFile = Main;
				INFOPLIST_KEY_UISupportedInterfaceOrientations_iPad = "UIInterfaceOrientationPortrait UIInterfaceOrientationPortraitUpsideDown UIInterfaceOrientationLandscapeLeft UIInterfaceOrientationLandscapeRight";
				INFOPLIST_KEY_UISupportedInterfaceOrientations_iPhone = "UIInterfaceOrientationPortrait UIInterfaceOrientationLandscapeLeft UIInterfaceOrientationLandscapeRight";
				INFOPLIST_KEY_UIUserInterfaceStyle = Light;
				LD_RUNPATH_SEARCH_PATHS = (
					"$(inherited)",
					"@executable_path/Frameworks",
				);
				MARKETING_VERSION = 1.0;
				PRODUCT_BUNDLE_IDENTIFIER = leobartowski.BdcApp;
				PRODUCT_NAME = "$(TARGET_NAME)";
				SWIFT_EMIT_LOC_STRINGS = YES;
				SWIFT_VERSION = 5.0;
				TARGETED_DEVICE_FAMILY = "1,2";
			};
			name = Debug;
		};
		DD85441A27219D4D004D38F0 /* Release */ = {
			isa = XCBuildConfiguration;
			baseConfigurationReference = 2FA8570DFB0F386206E4ED2C /* Pods-Bdc.release.xcconfig */;
			buildSettings = {
				ASSETCATALOG_COMPILER_APPICON_NAME = AppIcon;
				ASSETCATALOG_COMPILER_GLOBAL_ACCENT_COLOR_NAME = AccentColor;
				CODE_SIGN_STYLE = Automatic;
				CURRENT_PROJECT_VERSION = 1;
				DEVELOPMENT_TEAM = NL9F3R852A;
				GENERATE_INFOPLIST_FILE = YES;
				INFOPLIST_FILE = Bdc/Info.plist;
				INFOPLIST_KEY_UIApplicationSupportsIndirectInputEvents = YES;
				INFOPLIST_KEY_UILaunchStoryboardName = LaunchScreen;
				INFOPLIST_KEY_UIMainStoryboardFile = Main;
				INFOPLIST_KEY_UISupportedInterfaceOrientations_iPad = "UIInterfaceOrientationPortrait UIInterfaceOrientationPortraitUpsideDown UIInterfaceOrientationLandscapeLeft UIInterfaceOrientationLandscapeRight";
				INFOPLIST_KEY_UISupportedInterfaceOrientations_iPhone = "UIInterfaceOrientationPortrait UIInterfaceOrientationLandscapeLeft UIInterfaceOrientationLandscapeRight";
				INFOPLIST_KEY_UIUserInterfaceStyle = Light;
				LD_RUNPATH_SEARCH_PATHS = (
					"$(inherited)",
					"@executable_path/Frameworks",
				);
				MARKETING_VERSION = 1.0;
				PRODUCT_BUNDLE_IDENTIFIER = leobartowski.BdcApp;
				PRODUCT_NAME = "$(TARGET_NAME)";
				SWIFT_EMIT_LOC_STRINGS = YES;
				SWIFT_VERSION = 5.0;
				TARGETED_DEVICE_FAMILY = "1,2";
			};
			name = Release;
		};
		DD85441C27219D4D004D38F0 /* Debug */ = {
			isa = XCBuildConfiguration;
			baseConfigurationReference = 41D20BE80F3CCFC127AD3370 /* Pods-BdcTests.debug.xcconfig */;
			buildSettings = {
				ALWAYS_EMBED_SWIFT_STANDARD_LIBRARIES = YES;
				BUNDLE_LOADER = "$(TEST_HOST)";
				CODE_SIGN_STYLE = Automatic;
				CURRENT_PROJECT_VERSION = 1;
				DEVELOPMENT_TEAM = NL9F3R852A;
				GENERATE_INFOPLIST_FILE = YES;
				IPHONEOS_DEPLOYMENT_TARGET = 15.0;
				LD_RUNPATH_SEARCH_PATHS = (
					"$(inherited)",
					"@executable_path/Frameworks",
					"@loader_path/Frameworks",
				);
				MARKETING_VERSION = 1.0;
				PRODUCT_BUNDLE_IDENTIFIER = leobartowski.BdcTests;
				PRODUCT_NAME = "$(TARGET_NAME)";
				SWIFT_EMIT_LOC_STRINGS = NO;
				SWIFT_VERSION = 5.0;
				TARGETED_DEVICE_FAMILY = "1,2";
				TEST_HOST = "$(BUILT_PRODUCTS_DIR)/Bdc.app/Bdc";
			};
			name = Debug;
		};
		DD85441D27219D4D004D38F0 /* Release */ = {
			isa = XCBuildConfiguration;
			baseConfigurationReference = 9BFA4AC8C666FA34A5B36127 /* Pods-BdcTests.release.xcconfig */;
			buildSettings = {
				ALWAYS_EMBED_SWIFT_STANDARD_LIBRARIES = YES;
				BUNDLE_LOADER = "$(TEST_HOST)";
				CODE_SIGN_STYLE = Automatic;
				CURRENT_PROJECT_VERSION = 1;
				DEVELOPMENT_TEAM = NL9F3R852A;
				GENERATE_INFOPLIST_FILE = YES;
				IPHONEOS_DEPLOYMENT_TARGET = 15.0;
				LD_RUNPATH_SEARCH_PATHS = (
					"$(inherited)",
					"@executable_path/Frameworks",
					"@loader_path/Frameworks",
				);
				MARKETING_VERSION = 1.0;
				PRODUCT_BUNDLE_IDENTIFIER = leobartowski.BdcTests;
				PRODUCT_NAME = "$(TARGET_NAME)";
				SWIFT_EMIT_LOC_STRINGS = NO;
				SWIFT_VERSION = 5.0;
				TARGETED_DEVICE_FAMILY = "1,2";
				TEST_HOST = "$(BUILT_PRODUCTS_DIR)/Bdc.app/Bdc";
			};
			name = Release;
		};
		DD85441F27219D4D004D38F0 /* Debug */ = {
			isa = XCBuildConfiguration;
			baseConfigurationReference = 3FD84AADC577221ADB6B5DC5 /* Pods-Bdc-BdcUITests.debug.xcconfig */;
			buildSettings = {
				ALWAYS_EMBED_SWIFT_STANDARD_LIBRARIES = YES;
				CODE_SIGN_STYLE = Automatic;
				CURRENT_PROJECT_VERSION = 1;
				DEVELOPMENT_TEAM = NL9F3R852A;
				GENERATE_INFOPLIST_FILE = YES;
				LD_RUNPATH_SEARCH_PATHS = (
					"$(inherited)",
					"@executable_path/Frameworks",
					"@loader_path/Frameworks",
				);
				MARKETING_VERSION = 1.0;
				PRODUCT_BUNDLE_IDENTIFIER = leobartowski.BdcUITests;
				PRODUCT_NAME = "$(TARGET_NAME)";
				SWIFT_EMIT_LOC_STRINGS = NO;
				SWIFT_VERSION = 5.0;
				TARGETED_DEVICE_FAMILY = "1,2";
				TEST_TARGET_NAME = Bdc;
			};
			name = Debug;
		};
		DD85442027219D4D004D38F0 /* Release */ = {
			isa = XCBuildConfiguration;
			baseConfigurationReference = 73BB565C462E06257FB6EA45 /* Pods-Bdc-BdcUITests.release.xcconfig */;
			buildSettings = {
				ALWAYS_EMBED_SWIFT_STANDARD_LIBRARIES = YES;
				CODE_SIGN_STYLE = Automatic;
				CURRENT_PROJECT_VERSION = 1;
				DEVELOPMENT_TEAM = NL9F3R852A;
				GENERATE_INFOPLIST_FILE = YES;
				LD_RUNPATH_SEARCH_PATHS = (
					"$(inherited)",
					"@executable_path/Frameworks",
					"@loader_path/Frameworks",
				);
				MARKETING_VERSION = 1.0;
				PRODUCT_BUNDLE_IDENTIFIER = leobartowski.BdcUITests;
				PRODUCT_NAME = "$(TARGET_NAME)";
				SWIFT_EMIT_LOC_STRINGS = NO;
				SWIFT_VERSION = 5.0;
				TARGETED_DEVICE_FAMILY = "1,2";
				TEST_TARGET_NAME = Bdc;
			};
			name = Release;
		};
/* End XCBuildConfiguration section */

/* Begin XCConfigurationList section */
		DD8543E627219D4A004D38F0 /* Build configuration list for PBXProject "Bdc" */ = {
			isa = XCConfigurationList;
			buildConfigurations = (
				DD85441627219D4D004D38F0 /* Debug */,
				DD85441727219D4D004D38F0 /* Release */,
			);
			defaultConfigurationIsVisible = 0;
			defaultConfigurationName = Release;
		};
		DD85441827219D4D004D38F0 /* Build configuration list for PBXNativeTarget "Bdc" */ = {
			isa = XCConfigurationList;
			buildConfigurations = (
				DD85441927219D4D004D38F0 /* Debug */,
				DD85441A27219D4D004D38F0 /* Release */,
			);
			defaultConfigurationIsVisible = 0;
			defaultConfigurationName = Release;
		};
		DD85441B27219D4D004D38F0 /* Build configuration list for PBXNativeTarget "BdcTests" */ = {
			isa = XCConfigurationList;
			buildConfigurations = (
				DD85441C27219D4D004D38F0 /* Debug */,
				DD85441D27219D4D004D38F0 /* Release */,
			);
			defaultConfigurationIsVisible = 0;
			defaultConfigurationName = Release;
		};
		DD85441E27219D4D004D38F0 /* Build configuration list for PBXNativeTarget "BdcUITests" */ = {
			isa = XCConfigurationList;
			buildConfigurations = (
				DD85441F27219D4D004D38F0 /* Debug */,
				DD85442027219D4D004D38F0 /* Release */,
			);
			defaultConfigurationIsVisible = 0;
			defaultConfigurationName = Release;
		};
/* End XCConfigurationList section */

/* Begin XCVersionGroup section */
		DDD5051B27220FB000508F60 /* Bdc.xcdatamodeld */ = {
			isa = XCVersionGroup;
			children = (
				DDD5051C27220FB000508F60 /* Bdc.xcdatamodel */,
			);
			currentVersion = DDD5051C27220FB000508F60 /* Bdc.xcdatamodel */;
			path = Bdc.xcdatamodeld;
			sourceTree = "<group>";
			versionGroupType = wrapper.xcdatamodel;
		};
/* End XCVersionGroup section */
	};
	rootObject = DD8543E327219D4A004D38F0 /* Project object */;
}
